// !$*UTF8*$!
{
	archiveVersion = 1;
	classes = {
	};
	objectVersion = 55;
	objects = {

/* Begin PBXBuildFile section */
		0C1604DC28A5E917004E710F /* EditorState.swift in Sources */ = {isa = PBXBuildFile; fileRef = 0C1604DB28A5E917004E710F /* EditorState.swift */; };
		0C1604DE28A5E931004E710F /* editorReducer.swift in Sources */ = {isa = PBXBuildFile; fileRef = 0C1604DD28A5E930004E710F /* editorReducer.swift */; };
		0C1604E028A5E949004E710F /* EditorAction.swift in Sources */ = {isa = PBXBuildFile; fileRef = 0C1604DF28A5E949004E710F /* EditorAction.swift */; };
		0C1604E928A61DF1004E710F /* UISegmentedControl+Core.swift in Sources */ = {isa = PBXBuildFile; fileRef = 0C1604E828A61DF1004E710F /* UISegmentedControl+Core.swift */; };
		0C1604F128A64EA9004E710F /* ItemsTableController.swift in Sources */ = {isa = PBXBuildFile; fileRef = 0C1604EB28A64EA8004E710F /* ItemsTableController.swift */; };
		0C1604F228A64EA9004E710F /* TodoItemCell+Layout.swift in Sources */ = {isa = PBXBuildFile; fileRef = 0C1604ED28A64EA8004E710F /* TodoItemCell+Layout.swift */; };
		0C1604F328A64EA9004E710F /* TodoItemCell.swift in Sources */ = {isa = PBXBuildFile; fileRef = 0C1604EE28A64EA8004E710F /* TodoItemCell.swift */; };
		0C1604F428A64EA9004E710F /* NewTodoItemCell.swift in Sources */ = {isa = PBXBuildFile; fileRef = 0C1604EF28A64EA8004E710F /* NewTodoItemCell.swift */; };
		0C1604F528A64EA9004E710F /* NewTodoItemCell+Layout.swift in Sources */ = {isa = PBXBuildFile; fileRef = 0C1604F028A64EA8004E710F /* NewTodoItemCell+Layout.swift */; };
		0C16050D28A65623004E710F /* ItemListViewImp.swift in Sources */ = {isa = PBXBuildFile; fileRef = 0C16050328A65623004E710F /* ItemListViewImp.swift */; };
		0C16050E28A65623004E710F /* ItemListBuilderImp.swift in Sources */ = {isa = PBXBuildFile; fileRef = 0C16050528A65623004E710F /* ItemListBuilderImp.swift */; };
		0C16050F28A65623004E710F /* ItemListBuilder.swift in Sources */ = {isa = PBXBuildFile; fileRef = 0C16050628A65623004E710F /* ItemListBuilder.swift */; };
		0C16051228A666E8004E710F /* ItemListState.swift in Sources */ = {isa = PBXBuildFile; fileRef = 0C16051128A666E8004E710F /* ItemListState.swift */; };
		0C16051428A666F8004E710F /* ItemListAction.swift in Sources */ = {isa = PBXBuildFile; fileRef = 0C16051328A666F8004E710F /* ItemListAction.swift */; };
		0C16051628A66707004E710F /* itemListReducer.swift in Sources */ = {isa = PBXBuildFile; fileRef = 0C16051528A66707004E710F /* itemListReducer.swift */; };
		0C16051828A6B882004E710F /* ItemListViewImp+Layout.swift in Sources */ = {isa = PBXBuildFile; fileRef = 0C16051728A6B882004E710F /* ItemListViewImp+Layout.swift */; };
		0C16051F28A6BEBB004E710F /* CounterViewImp.swift in Sources */ = {isa = PBXBuildFile; fileRef = 0C16051B28A6BEBB004E710F /* CounterViewImp.swift */; };
		0C16052028A6BEBB004E710F /* CounterBuilder.swift in Sources */ = {isa = PBXBuildFile; fileRef = 0C16051D28A6BEBB004E710F /* CounterBuilder.swift */; };
		0C16052128A6BEBB004E710F /* CounterBuilderImp.swift in Sources */ = {isa = PBXBuildFile; fileRef = 0C16051E28A6BEBB004E710F /* CounterBuilderImp.swift */; };
		0C16052628A70C7D004E710F /* VisibilitySwitchBuilder.swift in Sources */ = {isa = PBXBuildFile; fileRef = 0C16052528A70C7D004E710F /* VisibilitySwitchBuilder.swift */; };
		0C16052828A70C98004E710F /* VisibilitySwitchBuilderImp.swift in Sources */ = {isa = PBXBuildFile; fileRef = 0C16052728A70C98004E710F /* VisibilitySwitchBuilderImp.swift */; };
		0C16052A28A70CB4004E710F /* VisibilitySwitchViewImp.swift in Sources */ = {isa = PBXBuildFile; fileRef = 0C16052928A70CB4004E710F /* VisibilitySwitchViewImp.swift */; };
		0C16052D28A7100E004E710F /* VisibilitySwitchAction.swift in Sources */ = {isa = PBXBuildFile; fileRef = 0C16052C28A7100E004E710F /* VisibilitySwitchAction.swift */; };
		0C38A86428A9B68600F9FEB0 /* TodoListThunkImp+DI.swift in Sources */ = {isa = PBXBuildFile; fileRef = 0C38A86328A9B68600F9FEB0 /* TodoListThunkImp+DI.swift */; };
		0C603EC928B38B9D004B4F4D /* UDFModel.swift in Sources */ = {isa = PBXBuildFile; fileRef = 0C603EC828B38B9D004B4F4D /* UDFModel.swift */; };
		0C603ECE28B38C91004B4F4D /* CounterGraphImp.swift in Sources */ = {isa = PBXBuildFile; fileRef = 0C603ECD28B38C91004B4F4D /* CounterGraphImp.swift */; };
		0C603ED328B38D00004B4F4D /* VisibilitySwitchGraphImp.swift in Sources */ = {isa = PBXBuildFile; fileRef = 0C603ED228B38D00004B4F4D /* VisibilitySwitchGraphImp.swift */; };
		0C603ED728B399F9004B4F4D /* UDFGraph.swift in Sources */ = {isa = PBXBuildFile; fileRef = 0C603ED628B399F9004B4F4D /* UDFGraph.swift */; };
		0C69848C28A1D8A200805B83 /* AppDelegate.swift in Sources */ = {isa = PBXBuildFile; fileRef = 0C69848B28A1D8A200805B83 /* AppDelegate.swift */; };
		0C69848E28A1D8A200805B83 /* SceneDelegate.swift in Sources */ = {isa = PBXBuildFile; fileRef = 0C69848D28A1D8A200805B83 /* SceneDelegate.swift */; };
		0C69849528A1D8A400805B83 /* Assets.xcassets in Resources */ = {isa = PBXBuildFile; fileRef = 0C69849428A1D8A400805B83 /* Assets.xcassets */; };
		0C69849828A1D8A400805B83 /* LaunchScreen.storyboard in Resources */ = {isa = PBXBuildFile; fileRef = 0C69849628A1D8A400805B83 /* LaunchScreen.storyboard */; };
		0C6984A328A1D8A500805B83 /* ReTodoListTests.swift in Sources */ = {isa = PBXBuildFile; fileRef = 0C6984A228A1D8A500805B83 /* ReTodoListTests.swift */; };
		0C6984AD28A1D8A500805B83 /* ReTodoListUITests.swift in Sources */ = {isa = PBXBuildFile; fileRef = 0C6984AC28A1D8A500805B83 /* ReTodoListUITests.swift */; };
		0C6984AF28A1D8A500805B83 /* ReTodoListUITestsLaunchTests.swift in Sources */ = {isa = PBXBuildFile; fileRef = 0C6984AE28A1D8A500805B83 /* ReTodoListUITestsLaunchTests.swift */; };
		0C9378EF28A57C54002035EB /* EditorNavBar.swift in Sources */ = {isa = PBXBuildFile; fileRef = 0C9378EE28A57C54002035EB /* EditorNavBar.swift */; };
		0C9378F128A58081002035EB /* EditorViewController+Layout.swift in Sources */ = {isa = PBXBuildFile; fileRef = 0C9378F028A58081002035EB /* EditorViewController+Layout.swift */; };
		0C9378F328A5808F002035EB /* EditorViewParams.swift in Sources */ = {isa = PBXBuildFile; fileRef = 0C9378F228A5808F002035EB /* EditorViewParams.swift */; };
		0C9378F628A5810F002035EB /* KeyboardEventsHandle.swift in Sources */ = {isa = PBXBuildFile; fileRef = 0C9378F528A5810F002035EB /* KeyboardEventsHandle.swift */; };
		0C96E5FD28A31DC30034FA73 /* AppBuilder.swift in Sources */ = {isa = PBXBuildFile; fileRef = 0C96E5FC28A31DC30034FA73 /* AppBuilder.swift */; };
		0C96E5FF28A31DD30034FA73 /* AppBuilderImp.swift in Sources */ = {isa = PBXBuildFile; fileRef = 0C96E5FE28A31DD30034FA73 /* AppBuilderImp.swift */; };
		0C96E60228A31DF90034FA73 /* RootViewController.swift in Sources */ = {isa = PBXBuildFile; fileRef = 0C96E60128A31DF90034FA73 /* RootViewController.swift */; };
		0C96E60428A442870034FA73 /* RootViewController+Layout.swift in Sources */ = {isa = PBXBuildFile; fileRef = 0C96E60328A442870034FA73 /* RootViewController+Layout.swift */; };
		0C96E60628A45F3C0034FA73 /* Theme.swift in Sources */ = {isa = PBXBuildFile; fileRef = 0C96E60528A45F3C0034FA73 /* Theme.swift */; };
		0C96E60C28A463B60034FA73 /* EditorBuilder.swift in Sources */ = {isa = PBXBuildFile; fileRef = 0C96E60B28A463B60034FA73 /* EditorBuilder.swift */; };
		0C96E60E28A463C40034FA73 /* EditorBuilderImp.swift in Sources */ = {isa = PBXBuildFile; fileRef = 0C96E60D28A463C40034FA73 /* EditorBuilderImp.swift */; };
		0C96E61028A463D60034FA73 /* EditorViewController.swift in Sources */ = {isa = PBXBuildFile; fileRef = 0C96E60F28A463D60034FA73 /* EditorViewController.swift */; };
		0C97E8B828A4CB3E00B087DC /* AppState.swift in Sources */ = {isa = PBXBuildFile; fileRef = 0C97E8B728A4CB3E00B087DC /* AppState.swift */; };
		0C97E8BA28A4CC7400B087DC /* appReducer.swift in Sources */ = {isa = PBXBuildFile; fileRef = 0C97E8B928A4CC7400B087DC /* appReducer.swift */; };
		0C9EBD9628A745600043797C /* TodoListCacheImp.swift in Sources */ = {isa = PBXBuildFile; fileRef = 0C9EBD8E28A745600043797C /* TodoListCacheImp.swift */; };
		0C9EBD9728A745600043797C /* DeadItemsCache.swift in Sources */ = {isa = PBXBuildFile; fileRef = 0C9EBD8F28A745600043797C /* DeadItemsCache.swift */; };
		0C9EBD9828A745600043797C /* TodoListCache.swift in Sources */ = {isa = PBXBuildFile; fileRef = 0C9EBD9028A745600043797C /* TodoListCache.swift */; };
		0C9EBD9928A745600043797C /* TodoItemMO.swift in Sources */ = {isa = PBXBuildFile; fileRef = 0C9EBD9228A745600043797C /* TodoItemMO.swift */; };
		0C9EBD9A28A745600043797C /* TombstoneMO.swift in Sources */ = {isa = PBXBuildFile; fileRef = 0C9EBD9328A745600043797C /* TombstoneMO.swift */; };
		0C9EBD9B28A745600043797C /* TodoListPersistentContainer.swift in Sources */ = {isa = PBXBuildFile; fileRef = 0C9EBD9428A745600043797C /* TodoListPersistentContainer.swift */; };
		0C9EBD9C28A745600043797C /* DeadItemsCacheImp.swift in Sources */ = {isa = PBXBuildFile; fileRef = 0C9EBD9528A745600043797C /* DeadItemsCacheImp.swift */; };
		0C9EBD9F28A745960043797C /* TodoList.xcdatamodeld in Sources */ = {isa = PBXBuildFile; fileRef = 0C9EBD9D28A745960043797C /* TodoList.xcdatamodeld */; };
		0C9EBDA328A745D90043797C /* Logger.swift in Sources */ = {isa = PBXBuildFile; fileRef = 0C9EBDA128A745D90043797C /* Logger.swift */; };
		0C9EBDA428A745D90043797C /* LoggerImpl.swift in Sources */ = {isa = PBXBuildFile; fileRef = 0C9EBDA228A745D90043797C /* LoggerImpl.swift */; };
		0C9EBDA728A7462D0043797C /* Tombstone.swift in Sources */ = {isa = PBXBuildFile; fileRef = 0C9EBDA528A7462D0043797C /* Tombstone.swift */; };
		0C9EBDA828A7462D0043797C /* TodoItem+Array.swift in Sources */ = {isa = PBXBuildFile; fileRef = 0C9EBDA628A7462D0043797C /* TodoItem+Array.swift */; };
		0C9EBDAA28A746B10043797C /* TodoItemDTO.swift in Sources */ = {isa = PBXBuildFile; fileRef = 0C9EBDA928A746B10043797C /* TodoItemDTO.swift */; };
		0C9EBDBB28A749EF0043797C /* NetworkingService.swift in Sources */ = {isa = PBXBuildFile; fileRef = 0C9EBDAD28A749EF0043797C /* NetworkingService.swift */; };
		0C9EBDBC28A749EF0043797C /* NetworkingServiceImp.swift in Sources */ = {isa = PBXBuildFile; fileRef = 0C9EBDAE28A749EF0043797C /* NetworkingServiceImp.swift */; };
		0C9EBDBF28A749EF0043797C /* HttpClient.swift in Sources */ = {isa = PBXBuildFile; fileRef = 0C9EBDB328A749EF0043797C /* HttpClient.swift */; };
		0C9EBDC028A749EF0043797C /* HttpClientImp.swift in Sources */ = {isa = PBXBuildFile; fileRef = 0C9EBDB428A749EF0043797C /* HttpClientImp.swift */; };
		0C9EBDC328A749EF0043797C /* MergeTodoListRequestData.swift in Sources */ = {isa = PBXBuildFile; fileRef = 0C9EBDB928A749EF0043797C /* MergeTodoListRequestData.swift */; };
		0C9EBDC828A74B770043797C /* JsonCoderImp.swift in Sources */ = {isa = PBXBuildFile; fileRef = 0C9EBDC628A74B770043797C /* JsonCoderImp.swift */; };
		0C9EBDC928A74B770043797C /* JsonCoder.swift in Sources */ = {isa = PBXBuildFile; fileRef = 0C9EBDC728A74B770043797C /* JsonCoder.swift */; };
		0C9EBDCC28A7B41C0043797C /* ItemListModel.swift in Sources */ = {isa = PBXBuildFile; fileRef = 0C9EBDCB28A7B41C0043797C /* ItemListModel.swift */; };
		0C9EBDCE28A7B42F0043797C /* ItemListModelImp.swift in Sources */ = {isa = PBXBuildFile; fileRef = 0C9EBDCD28A7B42F0043797C /* ItemListModelImp.swift */; };
		0C9EBDD728A831370043797C /* NetworkIndicatorBuilder.swift in Sources */ = {isa = PBXBuildFile; fileRef = 0C9EBDD628A831370043797C /* NetworkIndicatorBuilder.swift */; };
		0C9EBDD928A831580043797C /* NetworkIndicatorBuilderImp.swift in Sources */ = {isa = PBXBuildFile; fileRef = 0C9EBDD828A831570043797C /* NetworkIndicatorBuilderImp.swift */; };
		0C9EBDDC28A831760043797C /* NetworkIndicatorViewImp.swift in Sources */ = {isa = PBXBuildFile; fileRef = 0C9EBDDB28A831760043797C /* NetworkIndicatorViewImp.swift */; };
		0C9EBDDF28A8319D0043797C /* NetworkIndicatorAction.swift in Sources */ = {isa = PBXBuildFile; fileRef = 0C9EBDDE28A8319D0043797C /* NetworkIndicatorAction.swift */; };
		0C9EBDE128A836740043797C /* NetworkIndicatorState.swift in Sources */ = {isa = PBXBuildFile; fileRef = 0C9EBDE028A836740043797C /* NetworkIndicatorState.swift */; };
		0C9EBDE328A836990043797C /* networkIndicatorReducer.swift in Sources */ = {isa = PBXBuildFile; fileRef = 0C9EBDE228A836990043797C /* networkIndicatorReducer.swift */; };
		0C9EBDE628A861B80043797C /* CounterModel.swift in Sources */ = {isa = PBXBuildFile; fileRef = 0C9EBDE528A861B80043797C /* CounterModel.swift */; };
		0C9EBDE828A861DA0043797C /* CounterModelImp.swift in Sources */ = {isa = PBXBuildFile; fileRef = 0C9EBDE728A861DA0043797C /* CounterModelImp.swift */; };
		0C9EBDEA28A862B40043797C /* CounterView.swift in Sources */ = {isa = PBXBuildFile; fileRef = 0C9EBDE928A862B40043797C /* CounterView.swift */; };
		0C9EBDED28A86E1C0043797C /* EditorModel.swift in Sources */ = {isa = PBXBuildFile; fileRef = 0C9EBDEC28A86E1C0043797C /* EditorModel.swift */; };
		0C9EBDEF28A86E340043797C /* EditorModelImp.swift in Sources */ = {isa = PBXBuildFile; fileRef = 0C9EBDEE28A86E340043797C /* EditorModelImp.swift */; };
		0C9EBDF128A86EAA0043797C /* EditorView.swift in Sources */ = {isa = PBXBuildFile; fileRef = 0C9EBDF028A86EAA0043797C /* EditorView.swift */; };
		0C9EBDF328A87A680043797C /* ItemListView.swift in Sources */ = {isa = PBXBuildFile; fileRef = 0C9EBDF228A87A680043797C /* ItemListView.swift */; };
		0C9EBDF628A89C200043797C /* NetworkIndicatorModel.swift in Sources */ = {isa = PBXBuildFile; fileRef = 0C9EBDF528A89C200043797C /* NetworkIndicatorModel.swift */; };
		0C9EBDF828A89C320043797C /* NetworkIndicatorModelImp.swift in Sources */ = {isa = PBXBuildFile; fileRef = 0C9EBDF728A89C320043797C /* NetworkIndicatorModelImp.swift */; };
		0C9EBDFA28A89C950043797C /* NetworkIndicatorView.swift in Sources */ = {isa = PBXBuildFile; fileRef = 0C9EBDF928A89C950043797C /* NetworkIndicatorView.swift */; };
		0C9EBDFC28A8AE690043797C /* VisibilitySwitchView.swift in Sources */ = {isa = PBXBuildFile; fileRef = 0C9EBDFB28A8AE690043797C /* VisibilitySwitchView.swift */; };
		0C9EBDFF28A8AE850043797C /* VisibilitySwitchModel.swift in Sources */ = {isa = PBXBuildFile; fileRef = 0C9EBDFE28A8AE850043797C /* VisibilitySwitchModel.swift */; };
		0C9EBE0128A8AE980043797C /* VisibilitySwitchModelImp.swift in Sources */ = {isa = PBXBuildFile; fileRef = 0C9EBE0028A8AE980043797C /* VisibilitySwitchModelImp.swift */; };
		0C9EBE0628A8B8040043797C /* NetworkIndicatorGraphImp.swift in Sources */ = {isa = PBXBuildFile; fileRef = 0C9EBE0528A8B8040043797C /* NetworkIndicatorGraphImp.swift */; };
		0C9EBE0B28A8CB980043797C /* ReSwiftThunk in Frameworks */ = {isa = PBXBuildFile; productRef = 0C9EBE0A28A8CB980043797C /* ReSwiftThunk */; };
		0CA0A4D728A5BBB700668895 /* ReSwift in Frameworks */ = {isa = PBXBuildFile; productRef = 0CA0A4D628A5BBB700668895 /* ReSwift */; };
		0CA0A4E128A5BC0F00668895 /* NavToEditorView.swift in Sources */ = {isa = PBXBuildFile; fileRef = 0CA0A4DA28A5BC0F00668895 /* NavToEditorView.swift */; };
		0CA0A4E228A5BC0F00668895 /* NavToEditorBuilderImp.swift in Sources */ = {isa = PBXBuildFile; fileRef = 0CA0A4DC28A5BC0F00668895 /* NavToEditorBuilderImp.swift */; };
		0CA0A4E328A5BC0F00668895 /* NavToEditorBuilder.swift in Sources */ = {isa = PBXBuildFile; fileRef = 0CA0A4DD28A5BC0F00668895 /* NavToEditorBuilder.swift */; };
		0CA0A4E428A5BC0F00668895 /* NavToEditorRouterImp.swift in Sources */ = {isa = PBXBuildFile; fileRef = 0CA0A4DF28A5BC0F00668895 /* NavToEditorRouterImp.swift */; };
		0CA0A4E528A5BC0F00668895 /* NavToEditorRouter.swift in Sources */ = {isa = PBXBuildFile; fileRef = 0CA0A4E028A5BC0F00668895 /* NavToEditorRouter.swift */; };
		0CA0A4E828A5BC4F00668895 /* TodoItem.swift in Sources */ = {isa = PBXBuildFile; fileRef = 0CA0A4E728A5BC4F00668895 /* TodoItem.swift */; };
		0CA0A4EB28A5BCBE00668895 /* SnapKit in Frameworks */ = {isa = PBXBuildFile; productRef = 0CA0A4EA28A5BCBE00668895 /* SnapKit */; };
		0CA0A4ED28A5BE3B00668895 /* Date+Core.swift in Sources */ = {isa = PBXBuildFile; fileRef = 0CA0A4EC28A5BE3B00668895 /* Date+Core.swift */; };
		0CEB5E2128A91476000DAD44 /* TodoListService.swift in Sources */ = {isa = PBXBuildFile; fileRef = 0CEB5E2028A91476000DAD44 /* TodoListService.swift */; };
		0CEB5E2328A91483000DAD44 /* TodoListServiceImp.swift in Sources */ = {isa = PBXBuildFile; fileRef = 0CEB5E2228A91483000DAD44 /* TodoListServiceImp.swift */; };
		0CEB5E2528A914B5000DAD44 /* TodoListThunk.swift in Sources */ = {isa = PBXBuildFile; fileRef = 0CEB5E2428A914B5000DAD44 /* TodoListThunk.swift */; };
		0CEB5E2728A914C1000DAD44 /* TodoListThunkImp.swift in Sources */ = {isa = PBXBuildFile; fileRef = 0CEB5E2628A914C1000DAD44 /* TodoListThunkImp.swift */; };
		0CF42ED628B0F05500C2EA0A /* TodoListThunkAction.swift in Sources */ = {isa = PBXBuildFile; fileRef = 0CF42ED528B0F05500C2EA0A /* TodoListThunkAction.swift */; };
/* End PBXBuildFile section */

/* Begin PBXContainerItemProxy section */
		0C69849F28A1D8A500805B83 /* PBXContainerItemProxy */ = {
			isa = PBXContainerItemProxy;
			containerPortal = 0C69848028A1D8A200805B83 /* Project object */;
			proxyType = 1;
			remoteGlobalIDString = 0C69848728A1D8A200805B83;
			remoteInfo = ReTodoList;
		};
		0C6984A928A1D8A500805B83 /* PBXContainerItemProxy */ = {
			isa = PBXContainerItemProxy;
			containerPortal = 0C69848028A1D8A200805B83 /* Project object */;
			proxyType = 1;
			remoteGlobalIDString = 0C69848728A1D8A200805B83;
			remoteInfo = ReTodoList;
		};
/* End PBXContainerItemProxy section */

/* Begin PBXFileReference section */
		0C1604DB28A5E917004E710F /* EditorState.swift */ = {isa = PBXFileReference; lastKnownFileType = sourcecode.swift; path = EditorState.swift; sourceTree = "<group>"; };
		0C1604DD28A5E930004E710F /* editorReducer.swift */ = {isa = PBXFileReference; lastKnownFileType = sourcecode.swift; path = editorReducer.swift; sourceTree = "<group>"; };
		0C1604DF28A5E949004E710F /* EditorAction.swift */ = {isa = PBXFileReference; lastKnownFileType = sourcecode.swift; path = EditorAction.swift; sourceTree = "<group>"; };
		0C1604E828A61DF1004E710F /* UISegmentedControl+Core.swift */ = {isa = PBXFileReference; lastKnownFileType = sourcecode.swift; path = "UISegmentedControl+Core.swift"; sourceTree = "<group>"; };
		0C1604EB28A64EA8004E710F /* ItemsTableController.swift */ = {isa = PBXFileReference; fileEncoding = 4; lastKnownFileType = sourcecode.swift; path = ItemsTableController.swift; sourceTree = "<group>"; };
		0C1604ED28A64EA8004E710F /* TodoItemCell+Layout.swift */ = {isa = PBXFileReference; fileEncoding = 4; lastKnownFileType = sourcecode.swift; path = "TodoItemCell+Layout.swift"; sourceTree = "<group>"; };
		0C1604EE28A64EA8004E710F /* TodoItemCell.swift */ = {isa = PBXFileReference; fileEncoding = 4; lastKnownFileType = sourcecode.swift; path = TodoItemCell.swift; sourceTree = "<group>"; };
		0C1604EF28A64EA8004E710F /* NewTodoItemCell.swift */ = {isa = PBXFileReference; fileEncoding = 4; lastKnownFileType = sourcecode.swift; path = NewTodoItemCell.swift; sourceTree = "<group>"; };
		0C1604F028A64EA8004E710F /* NewTodoItemCell+Layout.swift */ = {isa = PBXFileReference; fileEncoding = 4; lastKnownFileType = sourcecode.swift; path = "NewTodoItemCell+Layout.swift"; sourceTree = "<group>"; };
		0C16050328A65623004E710F /* ItemListViewImp.swift */ = {isa = PBXFileReference; fileEncoding = 4; lastKnownFileType = sourcecode.swift; path = ItemListViewImp.swift; sourceTree = "<group>"; };
		0C16050528A65623004E710F /* ItemListBuilderImp.swift */ = {isa = PBXFileReference; fileEncoding = 4; lastKnownFileType = sourcecode.swift; path = ItemListBuilderImp.swift; sourceTree = "<group>"; };
		0C16050628A65623004E710F /* ItemListBuilder.swift */ = {isa = PBXFileReference; fileEncoding = 4; lastKnownFileType = sourcecode.swift; path = ItemListBuilder.swift; sourceTree = "<group>"; };
		0C16051128A666E8004E710F /* ItemListState.swift */ = {isa = PBXFileReference; lastKnownFileType = sourcecode.swift; path = ItemListState.swift; sourceTree = "<group>"; };
		0C16051328A666F8004E710F /* ItemListAction.swift */ = {isa = PBXFileReference; lastKnownFileType = sourcecode.swift; path = ItemListAction.swift; sourceTree = "<group>"; };
		0C16051528A66707004E710F /* itemListReducer.swift */ = {isa = PBXFileReference; lastKnownFileType = sourcecode.swift; path = itemListReducer.swift; sourceTree = "<group>"; };
		0C16051728A6B882004E710F /* ItemListViewImp+Layout.swift */ = {isa = PBXFileReference; lastKnownFileType = sourcecode.swift; path = "ItemListViewImp+Layout.swift"; sourceTree = "<group>"; };
		0C16051B28A6BEBB004E710F /* CounterViewImp.swift */ = {isa = PBXFileReference; fileEncoding = 4; lastKnownFileType = sourcecode.swift; path = CounterViewImp.swift; sourceTree = "<group>"; };
		0C16051D28A6BEBB004E710F /* CounterBuilder.swift */ = {isa = PBXFileReference; fileEncoding = 4; lastKnownFileType = sourcecode.swift; path = CounterBuilder.swift; sourceTree = "<group>"; };
		0C16051E28A6BEBB004E710F /* CounterBuilderImp.swift */ = {isa = PBXFileReference; fileEncoding = 4; lastKnownFileType = sourcecode.swift; path = CounterBuilderImp.swift; sourceTree = "<group>"; };
		0C16052528A70C7D004E710F /* VisibilitySwitchBuilder.swift */ = {isa = PBXFileReference; lastKnownFileType = sourcecode.swift; path = VisibilitySwitchBuilder.swift; sourceTree = "<group>"; };
		0C16052728A70C98004E710F /* VisibilitySwitchBuilderImp.swift */ = {isa = PBXFileReference; lastKnownFileType = sourcecode.swift; path = VisibilitySwitchBuilderImp.swift; sourceTree = "<group>"; };
		0C16052928A70CB4004E710F /* VisibilitySwitchViewImp.swift */ = {isa = PBXFileReference; lastKnownFileType = sourcecode.swift; path = VisibilitySwitchViewImp.swift; sourceTree = "<group>"; };
		0C16052C28A7100E004E710F /* VisibilitySwitchAction.swift */ = {isa = PBXFileReference; lastKnownFileType = sourcecode.swift; path = VisibilitySwitchAction.swift; sourceTree = "<group>"; };
		0C38A86328A9B68600F9FEB0 /* TodoListThunkImp+DI.swift */ = {isa = PBXFileReference; lastKnownFileType = sourcecode.swift; path = "TodoListThunkImp+DI.swift"; sourceTree = "<group>"; };
		0C603EC828B38B9D004B4F4D /* UDFModel.swift */ = {isa = PBXFileReference; lastKnownFileType = sourcecode.swift; path = UDFModel.swift; sourceTree = "<group>"; };
		0C603ECD28B38C91004B4F4D /* CounterGraphImp.swift */ = {isa = PBXFileReference; lastKnownFileType = sourcecode.swift; path = CounterGraphImp.swift; sourceTree = "<group>"; };
		0C603ED228B38D00004B4F4D /* VisibilitySwitchGraphImp.swift */ = {isa = PBXFileReference; lastKnownFileType = sourcecode.swift; path = VisibilitySwitchGraphImp.swift; sourceTree = "<group>"; };
		0C603ED628B399F9004B4F4D /* UDFGraph.swift */ = {isa = PBXFileReference; lastKnownFileType = sourcecode.swift; path = UDFGraph.swift; sourceTree = "<group>"; };
		0C69848828A1D8A200805B83 /* ReTodoList.app */ = {isa = PBXFileReference; explicitFileType = wrapper.application; includeInIndex = 0; path = ReTodoList.app; sourceTree = BUILT_PRODUCTS_DIR; };
		0C69848B28A1D8A200805B83 /* AppDelegate.swift */ = {isa = PBXFileReference; lastKnownFileType = sourcecode.swift; path = AppDelegate.swift; sourceTree = "<group>"; };
		0C69848D28A1D8A200805B83 /* SceneDelegate.swift */ = {isa = PBXFileReference; lastKnownFileType = sourcecode.swift; path = SceneDelegate.swift; sourceTree = "<group>"; };
		0C69849428A1D8A400805B83 /* Assets.xcassets */ = {isa = PBXFileReference; lastKnownFileType = folder.assetcatalog; path = Assets.xcassets; sourceTree = "<group>"; };
		0C69849728A1D8A400805B83 /* Base */ = {isa = PBXFileReference; lastKnownFileType = file.storyboard; name = Base; path = Base.lproj/LaunchScreen.storyboard; sourceTree = "<group>"; };
		0C69849928A1D8A400805B83 /* Info.plist */ = {isa = PBXFileReference; lastKnownFileType = text.plist.xml; path = Info.plist; sourceTree = "<group>"; };
		0C69849E28A1D8A500805B83 /* ReTodoListTests.xctest */ = {isa = PBXFileReference; explicitFileType = wrapper.cfbundle; includeInIndex = 0; path = ReTodoListTests.xctest; sourceTree = BUILT_PRODUCTS_DIR; };
		0C6984A228A1D8A500805B83 /* ReTodoListTests.swift */ = {isa = PBXFileReference; lastKnownFileType = sourcecode.swift; path = ReTodoListTests.swift; sourceTree = "<group>"; };
		0C6984A828A1D8A500805B83 /* ReTodoListUITests.xctest */ = {isa = PBXFileReference; explicitFileType = wrapper.cfbundle; includeInIndex = 0; path = ReTodoListUITests.xctest; sourceTree = BUILT_PRODUCTS_DIR; };
		0C6984AC28A1D8A500805B83 /* ReTodoListUITests.swift */ = {isa = PBXFileReference; lastKnownFileType = sourcecode.swift; path = ReTodoListUITests.swift; sourceTree = "<group>"; };
		0C6984AE28A1D8A500805B83 /* ReTodoListUITestsLaunchTests.swift */ = {isa = PBXFileReference; lastKnownFileType = sourcecode.swift; path = ReTodoListUITestsLaunchTests.swift; sourceTree = "<group>"; };
		0C9378EE28A57C54002035EB /* EditorNavBar.swift */ = {isa = PBXFileReference; lastKnownFileType = sourcecode.swift; path = EditorNavBar.swift; sourceTree = "<group>"; };
		0C9378F028A58081002035EB /* EditorViewController+Layout.swift */ = {isa = PBXFileReference; lastKnownFileType = sourcecode.swift; path = "EditorViewController+Layout.swift"; sourceTree = "<group>"; };
		0C9378F228A5808F002035EB /* EditorViewParams.swift */ = {isa = PBXFileReference; lastKnownFileType = sourcecode.swift; path = EditorViewParams.swift; sourceTree = "<group>"; };
		0C9378F528A5810F002035EB /* KeyboardEventsHandle.swift */ = {isa = PBXFileReference; lastKnownFileType = sourcecode.swift; path = KeyboardEventsHandle.swift; sourceTree = "<group>"; };
		0C96E5FC28A31DC30034FA73 /* AppBuilder.swift */ = {isa = PBXFileReference; lastKnownFileType = sourcecode.swift; path = AppBuilder.swift; sourceTree = "<group>"; };
		0C96E5FE28A31DD30034FA73 /* AppBuilderImp.swift */ = {isa = PBXFileReference; lastKnownFileType = sourcecode.swift; path = AppBuilderImp.swift; sourceTree = "<group>"; };
		0C96E60128A31DF90034FA73 /* RootViewController.swift */ = {isa = PBXFileReference; lastKnownFileType = sourcecode.swift; path = RootViewController.swift; sourceTree = "<group>"; };
		0C96E60328A442870034FA73 /* RootViewController+Layout.swift */ = {isa = PBXFileReference; lastKnownFileType = sourcecode.swift; path = "RootViewController+Layout.swift"; sourceTree = "<group>"; };
		0C96E60528A45F3C0034FA73 /* Theme.swift */ = {isa = PBXFileReference; lastKnownFileType = sourcecode.swift; path = Theme.swift; sourceTree = "<group>"; };
		0C96E60B28A463B60034FA73 /* EditorBuilder.swift */ = {isa = PBXFileReference; lastKnownFileType = sourcecode.swift; path = EditorBuilder.swift; sourceTree = "<group>"; };
		0C96E60D28A463C40034FA73 /* EditorBuilderImp.swift */ = {isa = PBXFileReference; lastKnownFileType = sourcecode.swift; path = EditorBuilderImp.swift; sourceTree = "<group>"; };
		0C96E60F28A463D60034FA73 /* EditorViewController.swift */ = {isa = PBXFileReference; lastKnownFileType = sourcecode.swift; path = EditorViewController.swift; sourceTree = "<group>"; };
		0C97E8B728A4CB3E00B087DC /* AppState.swift */ = {isa = PBXFileReference; lastKnownFileType = sourcecode.swift; path = AppState.swift; sourceTree = "<group>"; };
		0C97E8B928A4CC7400B087DC /* appReducer.swift */ = {isa = PBXFileReference; lastKnownFileType = sourcecode.swift; path = appReducer.swift; sourceTree = "<group>"; };
		0C9EBD8E28A745600043797C /* TodoListCacheImp.swift */ = {isa = PBXFileReference; fileEncoding = 4; lastKnownFileType = sourcecode.swift; path = TodoListCacheImp.swift; sourceTree = "<group>"; };
		0C9EBD8F28A745600043797C /* DeadItemsCache.swift */ = {isa = PBXFileReference; fileEncoding = 4; lastKnownFileType = sourcecode.swift; path = DeadItemsCache.swift; sourceTree = "<group>"; };
		0C9EBD9028A745600043797C /* TodoListCache.swift */ = {isa = PBXFileReference; fileEncoding = 4; lastKnownFileType = sourcecode.swift; path = TodoListCache.swift; sourceTree = "<group>"; };
		0C9EBD9228A745600043797C /* TodoItemMO.swift */ = {isa = PBXFileReference; fileEncoding = 4; lastKnownFileType = sourcecode.swift; path = TodoItemMO.swift; sourceTree = "<group>"; };
		0C9EBD9328A745600043797C /* TombstoneMO.swift */ = {isa = PBXFileReference; fileEncoding = 4; lastKnownFileType = sourcecode.swift; path = TombstoneMO.swift; sourceTree = "<group>"; };
		0C9EBD9428A745600043797C /* TodoListPersistentContainer.swift */ = {isa = PBXFileReference; fileEncoding = 4; lastKnownFileType = sourcecode.swift; path = TodoListPersistentContainer.swift; sourceTree = "<group>"; };
		0C9EBD9528A745600043797C /* DeadItemsCacheImp.swift */ = {isa = PBXFileReference; fileEncoding = 4; lastKnownFileType = sourcecode.swift; path = DeadItemsCacheImp.swift; sourceTree = "<group>"; };
		0C9EBD9E28A745960043797C /* StorageModel.xcdatamodel */ = {isa = PBXFileReference; lastKnownFileType = wrapper.xcdatamodel; path = StorageModel.xcdatamodel; sourceTree = "<group>"; };
		0C9EBDA128A745D90043797C /* Logger.swift */ = {isa = PBXFileReference; fileEncoding = 4; lastKnownFileType = sourcecode.swift; path = Logger.swift; sourceTree = "<group>"; };
		0C9EBDA228A745D90043797C /* LoggerImpl.swift */ = {isa = PBXFileReference; fileEncoding = 4; lastKnownFileType = sourcecode.swift; path = LoggerImpl.swift; sourceTree = "<group>"; };
		0C9EBDA528A7462D0043797C /* Tombstone.swift */ = {isa = PBXFileReference; fileEncoding = 4; lastKnownFileType = sourcecode.swift; path = Tombstone.swift; sourceTree = "<group>"; };
		0C9EBDA628A7462D0043797C /* TodoItem+Array.swift */ = {isa = PBXFileReference; fileEncoding = 4; lastKnownFileType = sourcecode.swift; path = "TodoItem+Array.swift"; sourceTree = "<group>"; };
		0C9EBDA928A746B10043797C /* TodoItemDTO.swift */ = {isa = PBXFileReference; fileEncoding = 4; lastKnownFileType = sourcecode.swift; path = TodoItemDTO.swift; sourceTree = "<group>"; };
		0C9EBDAD28A749EF0043797C /* NetworkingService.swift */ = {isa = PBXFileReference; fileEncoding = 4; lastKnownFileType = sourcecode.swift; path = NetworkingService.swift; sourceTree = "<group>"; };
		0C9EBDAE28A749EF0043797C /* NetworkingServiceImp.swift */ = {isa = PBXFileReference; fileEncoding = 4; lastKnownFileType = sourcecode.swift; path = NetworkingServiceImp.swift; sourceTree = "<group>"; };
		0C9EBDB328A749EF0043797C /* HttpClient.swift */ = {isa = PBXFileReference; fileEncoding = 4; lastKnownFileType = sourcecode.swift; path = HttpClient.swift; sourceTree = "<group>"; };
		0C9EBDB428A749EF0043797C /* HttpClientImp.swift */ = {isa = PBXFileReference; fileEncoding = 4; lastKnownFileType = sourcecode.swift; path = HttpClientImp.swift; sourceTree = "<group>"; };
		0C9EBDB928A749EF0043797C /* MergeTodoListRequestData.swift */ = {isa = PBXFileReference; fileEncoding = 4; lastKnownFileType = sourcecode.swift; path = MergeTodoListRequestData.swift; sourceTree = "<group>"; };
		0C9EBDC628A74B770043797C /* JsonCoderImp.swift */ = {isa = PBXFileReference; fileEncoding = 4; lastKnownFileType = sourcecode.swift; path = JsonCoderImp.swift; sourceTree = "<group>"; };
		0C9EBDC728A74B770043797C /* JsonCoder.swift */ = {isa = PBXFileReference; fileEncoding = 4; lastKnownFileType = sourcecode.swift; path = JsonCoder.swift; sourceTree = "<group>"; };
		0C9EBDCB28A7B41C0043797C /* ItemListModel.swift */ = {isa = PBXFileReference; lastKnownFileType = sourcecode.swift; path = ItemListModel.swift; sourceTree = "<group>"; };
		0C9EBDCD28A7B42F0043797C /* ItemListModelImp.swift */ = {isa = PBXFileReference; lastKnownFileType = sourcecode.swift; path = ItemListModelImp.swift; sourceTree = "<group>"; };
		0C9EBDD628A831370043797C /* NetworkIndicatorBuilder.swift */ = {isa = PBXFileReference; lastKnownFileType = sourcecode.swift; path = NetworkIndicatorBuilder.swift; sourceTree = "<group>"; };
		0C9EBDD828A831570043797C /* NetworkIndicatorBuilderImp.swift */ = {isa = PBXFileReference; lastKnownFileType = sourcecode.swift; path = NetworkIndicatorBuilderImp.swift; sourceTree = "<group>"; };
		0C9EBDDB28A831760043797C /* NetworkIndicatorViewImp.swift */ = {isa = PBXFileReference; lastKnownFileType = sourcecode.swift; path = NetworkIndicatorViewImp.swift; sourceTree = "<group>"; };
		0C9EBDDE28A8319D0043797C /* NetworkIndicatorAction.swift */ = {isa = PBXFileReference; lastKnownFileType = sourcecode.swift; path = NetworkIndicatorAction.swift; sourceTree = "<group>"; };
		0C9EBDE028A836740043797C /* NetworkIndicatorState.swift */ = {isa = PBXFileReference; lastKnownFileType = sourcecode.swift; path = NetworkIndicatorState.swift; sourceTree = "<group>"; };
		0C9EBDE228A836990043797C /* networkIndicatorReducer.swift */ = {isa = PBXFileReference; lastKnownFileType = sourcecode.swift; path = networkIndicatorReducer.swift; sourceTree = "<group>"; };
		0C9EBDE528A861B80043797C /* CounterModel.swift */ = {isa = PBXFileReference; lastKnownFileType = sourcecode.swift; path = CounterModel.swift; sourceTree = "<group>"; };
		0C9EBDE728A861DA0043797C /* CounterModelImp.swift */ = {isa = PBXFileReference; lastKnownFileType = sourcecode.swift; path = CounterModelImp.swift; sourceTree = "<group>"; };
		0C9EBDE928A862B40043797C /* CounterView.swift */ = {isa = PBXFileReference; lastKnownFileType = sourcecode.swift; path = CounterView.swift; sourceTree = "<group>"; };
		0C9EBDEC28A86E1C0043797C /* EditorModel.swift */ = {isa = PBXFileReference; lastKnownFileType = sourcecode.swift; path = EditorModel.swift; sourceTree = "<group>"; };
		0C9EBDEE28A86E340043797C /* EditorModelImp.swift */ = {isa = PBXFileReference; lastKnownFileType = sourcecode.swift; path = EditorModelImp.swift; sourceTree = "<group>"; };
		0C9EBDF028A86EAA0043797C /* EditorView.swift */ = {isa = PBXFileReference; lastKnownFileType = sourcecode.swift; path = EditorView.swift; sourceTree = "<group>"; };
		0C9EBDF228A87A680043797C /* ItemListView.swift */ = {isa = PBXFileReference; lastKnownFileType = sourcecode.swift; path = ItemListView.swift; sourceTree = "<group>"; };
		0C9EBDF528A89C200043797C /* NetworkIndicatorModel.swift */ = {isa = PBXFileReference; lastKnownFileType = sourcecode.swift; path = NetworkIndicatorModel.swift; sourceTree = "<group>"; };
		0C9EBDF728A89C320043797C /* NetworkIndicatorModelImp.swift */ = {isa = PBXFileReference; lastKnownFileType = sourcecode.swift; path = NetworkIndicatorModelImp.swift; sourceTree = "<group>"; };
		0C9EBDF928A89C950043797C /* NetworkIndicatorView.swift */ = {isa = PBXFileReference; lastKnownFileType = sourcecode.swift; path = NetworkIndicatorView.swift; sourceTree = "<group>"; };
		0C9EBDFB28A8AE690043797C /* VisibilitySwitchView.swift */ = {isa = PBXFileReference; lastKnownFileType = sourcecode.swift; path = VisibilitySwitchView.swift; sourceTree = "<group>"; };
		0C9EBDFE28A8AE850043797C /* VisibilitySwitchModel.swift */ = {isa = PBXFileReference; lastKnownFileType = sourcecode.swift; path = VisibilitySwitchModel.swift; sourceTree = "<group>"; };
		0C9EBE0028A8AE980043797C /* VisibilitySwitchModelImp.swift */ = {isa = PBXFileReference; lastKnownFileType = sourcecode.swift; path = VisibilitySwitchModelImp.swift; sourceTree = "<group>"; };
		0C9EBE0528A8B8040043797C /* NetworkIndicatorGraphImp.swift */ = {isa = PBXFileReference; lastKnownFileType = sourcecode.swift; path = NetworkIndicatorGraphImp.swift; sourceTree = "<group>"; };
		0CA0A4DA28A5BC0F00668895 /* NavToEditorView.swift */ = {isa = PBXFileReference; fileEncoding = 4; lastKnownFileType = sourcecode.swift; path = NavToEditorView.swift; sourceTree = "<group>"; };
		0CA0A4DC28A5BC0F00668895 /* NavToEditorBuilderImp.swift */ = {isa = PBXFileReference; fileEncoding = 4; lastKnownFileType = sourcecode.swift; path = NavToEditorBuilderImp.swift; sourceTree = "<group>"; };
		0CA0A4DD28A5BC0F00668895 /* NavToEditorBuilder.swift */ = {isa = PBXFileReference; fileEncoding = 4; lastKnownFileType = sourcecode.swift; path = NavToEditorBuilder.swift; sourceTree = "<group>"; };
		0CA0A4DF28A5BC0F00668895 /* NavToEditorRouterImp.swift */ = {isa = PBXFileReference; fileEncoding = 4; lastKnownFileType = sourcecode.swift; path = NavToEditorRouterImp.swift; sourceTree = "<group>"; };
		0CA0A4E028A5BC0F00668895 /* NavToEditorRouter.swift */ = {isa = PBXFileReference; fileEncoding = 4; lastKnownFileType = sourcecode.swift; path = NavToEditorRouter.swift; sourceTree = "<group>"; };
		0CA0A4E728A5BC4F00668895 /* TodoItem.swift */ = {isa = PBXFileReference; lastKnownFileType = sourcecode.swift; path = TodoItem.swift; sourceTree = "<group>"; };
		0CA0A4EC28A5BE3B00668895 /* Date+Core.swift */ = {isa = PBXFileReference; lastKnownFileType = sourcecode.swift; path = "Date+Core.swift"; sourceTree = "<group>"; };
		0CEB5E2028A91476000DAD44 /* TodoListService.swift */ = {isa = PBXFileReference; lastKnownFileType = sourcecode.swift; path = TodoListService.swift; sourceTree = "<group>"; };
		0CEB5E2228A91483000DAD44 /* TodoListServiceImp.swift */ = {isa = PBXFileReference; lastKnownFileType = sourcecode.swift; path = TodoListServiceImp.swift; sourceTree = "<group>"; };
		0CEB5E2428A914B5000DAD44 /* TodoListThunk.swift */ = {isa = PBXFileReference; lastKnownFileType = sourcecode.swift; path = TodoListThunk.swift; sourceTree = "<group>"; };
		0CEB5E2628A914C1000DAD44 /* TodoListThunkImp.swift */ = {isa = PBXFileReference; lastKnownFileType = sourcecode.swift; path = TodoListThunkImp.swift; sourceTree = "<group>"; };
		0CF42ED528B0F05500C2EA0A /* TodoListThunkAction.swift */ = {isa = PBXFileReference; lastKnownFileType = sourcecode.swift; path = TodoListThunkAction.swift; sourceTree = "<group>"; };
/* End PBXFileReference section */

/* Begin PBXFrameworksBuildPhase section */
		0C69848528A1D8A200805B83 /* Frameworks */ = {
			isa = PBXFrameworksBuildPhase;
			buildActionMask = 2147483647;
			files = (
				0CA0A4D728A5BBB700668895 /* ReSwift in Frameworks */,
				0CA0A4EB28A5BCBE00668895 /* SnapKit in Frameworks */,
				0C9EBE0B28A8CB980043797C /* ReSwiftThunk in Frameworks */,
			);
			runOnlyForDeploymentPostprocessing = 0;
		};
		0C69849B28A1D8A500805B83 /* Frameworks */ = {
			isa = PBXFrameworksBuildPhase;
			buildActionMask = 2147483647;
			files = (
			);
			runOnlyForDeploymentPostprocessing = 0;
		};
		0C6984A528A1D8A500805B83 /* Frameworks */ = {
			isa = PBXFrameworksBuildPhase;
			buildActionMask = 2147483647;
			files = (
			);
			runOnlyForDeploymentPostprocessing = 0;
		};
/* End PBXFrameworksBuildPhase section */

/* Begin PBXGroup section */
		0C1604DA28A5E8FA004E710F /* UDF */ = {
			isa = PBXGroup;
			children = (
				0C1604DF28A5E949004E710F /* EditorAction.swift */,
				0C1604DB28A5E917004E710F /* EditorState.swift */,
				0C1604DD28A5E930004E710F /* editorReducer.swift */,
			);
			path = UDF;
			sourceTree = "<group>";
		};
		0C1604EA28A64EA8004E710F /* TableView */ = {
			isa = PBXGroup;
			children = (
				0C1604EB28A64EA8004E710F /* ItemsTableController.swift */,
				0C1604EC28A64EA8004E710F /* Cell */,
			);
			path = TableView;
			sourceTree = "<group>";
		};
		0C1604EC28A64EA8004E710F /* Cell */ = {
			isa = PBXGroup;
			children = (
				0C1604ED28A64EA8004E710F /* TodoItemCell+Layout.swift */,
				0C1604EE28A64EA8004E710F /* TodoItemCell.swift */,
				0C1604EF28A64EA8004E710F /* NewTodoItemCell.swift */,
				0C1604F028A64EA8004E710F /* NewTodoItemCell+Layout.swift */,
			);
			path = Cell;
			sourceTree = "<group>";
		};
		0C1604F828A65623004E710F /* ItemList */ = {
			isa = PBXGroup;
			children = (
				0C16050428A65623004E710F /* Builder */,
				0C9EBDCA28A7B40D0043797C /* Model */,
				0C16050228A65623004E710F /* View */,
				0C16051028A66593004E710F /* UDF */,
			);
			path = ItemList;
			sourceTree = "<group>";
		};
		0C16050228A65623004E710F /* View */ = {
			isa = PBXGroup;
			children = (
				0C9EBDF228A87A680043797C /* ItemListView.swift */,
				0C16050328A65623004E710F /* ItemListViewImp.swift */,
				0C16051728A6B882004E710F /* ItemListViewImp+Layout.swift */,
			);
			path = View;
			sourceTree = "<group>";
		};
		0C16050428A65623004E710F /* Builder */ = {
			isa = PBXGroup;
			children = (
				0C16050628A65623004E710F /* ItemListBuilder.swift */,
				0C16050528A65623004E710F /* ItemListBuilderImp.swift */,
			);
			path = Builder;
			sourceTree = "<group>";
		};
		0C16051028A66593004E710F /* UDF */ = {
			isa = PBXGroup;
			children = (
				0C16051128A666E8004E710F /* ItemListState.swift */,
				0C16051328A666F8004E710F /* ItemListAction.swift */,
				0C16051528A66707004E710F /* itemListReducer.swift */,
			);
			path = UDF;
			sourceTree = "<group>";
		};
		0C16051928A6BEBB004E710F /* Counter */ = {
			isa = PBXGroup;
			children = (
				0C16051C28A6BEBB004E710F /* Builder */,
				0C603ECA28B38C75004B4F4D /* Graph */,
				0C9EBDE428A861A30043797C /* Model */,
				0C16051A28A6BEBB004E710F /* View */,
			);
			path = Counter;
			sourceTree = "<group>";
		};
		0C16051A28A6BEBB004E710F /* View */ = {
			isa = PBXGroup;
			children = (
				0C9EBDE928A862B40043797C /* CounterView.swift */,
				0C16051B28A6BEBB004E710F /* CounterViewImp.swift */,
			);
			path = View;
			sourceTree = "<group>";
		};
		0C16051C28A6BEBB004E710F /* Builder */ = {
			isa = PBXGroup;
			children = (
				0C16051D28A6BEBB004E710F /* CounterBuilder.swift */,
				0C16051E28A6BEBB004E710F /* CounterBuilderImp.swift */,
			);
			path = Builder;
			sourceTree = "<group>";
		};
		0C16052228A70C50004E710F /* VisibilitySwitch */ = {
			isa = PBXGroup;
			children = (
				0C16052328A70C5C004E710F /* Builder */,
				0C603ECF28B38CD5004B4F4D /* Graph */,
				0C9EBDFD28A8AE780043797C /* Model */,
				0C16052428A70C65004E710F /* View */,
				0C16052B28A71003004E710F /* UDF */,
			);
			path = VisibilitySwitch;
			sourceTree = "<group>";
		};
		0C16052328A70C5C004E710F /* Builder */ = {
			isa = PBXGroup;
			children = (
				0C16052528A70C7D004E710F /* VisibilitySwitchBuilder.swift */,
				0C16052728A70C98004E710F /* VisibilitySwitchBuilderImp.swift */,
			);
			path = Builder;
			sourceTree = "<group>";
		};
		0C16052428A70C65004E710F /* View */ = {
			isa = PBXGroup;
			children = (
				0C9EBDFB28A8AE690043797C /* VisibilitySwitchView.swift */,
				0C16052928A70CB4004E710F /* VisibilitySwitchViewImp.swift */,
			);
			path = View;
			sourceTree = "<group>";
		};
		0C16052B28A71003004E710F /* UDF */ = {
			isa = PBXGroup;
			children = (
				0C16052C28A7100E004E710F /* VisibilitySwitchAction.swift */,
			);
			path = UDF;
			sourceTree = "<group>";
		};
		0C603ECA28B38C75004B4F4D /* Graph */ = {
			isa = PBXGroup;
			children = (
				0C603ECD28B38C91004B4F4D /* CounterGraphImp.swift */,
			);
			path = Graph;
			sourceTree = "<group>";
		};
		0C603ECF28B38CD5004B4F4D /* Graph */ = {
			isa = PBXGroup;
			children = (
				0C603ED228B38D00004B4F4D /* VisibilitySwitchGraphImp.swift */,
			);
			path = Graph;
			sourceTree = "<group>";
		};
		0C69847F28A1D8A200805B83 = {
			isa = PBXGroup;
			children = (
				0C69848A28A1D8A200805B83 /* ReTodoList */,
				0C6984A128A1D8A500805B83 /* ReTodoListTests */,
				0C6984AB28A1D8A500805B83 /* ReTodoListUITests */,
				0C69848928A1D8A200805B83 /* Products */,
			);
			sourceTree = "<group>";
		};
		0C69848928A1D8A200805B83 /* Products */ = {
			isa = PBXGroup;
			children = (
				0C69848828A1D8A200805B83 /* ReTodoList.app */,
				0C69849E28A1D8A500805B83 /* ReTodoListTests.xctest */,
				0C6984A828A1D8A500805B83 /* ReTodoListUITests.xctest */,
			);
			name = Products;
			sourceTree = "<group>";
		};
		0C69848A28A1D8A200805B83 /* ReTodoList */ = {
			isa = PBXGroup;
			children = (
				0C96E5FA28A31D9E0034FA73 /* App */,
				0C9EBD8D28A745600043797C /* Cache */,
				0C9378F428A580F9002035EB /* Core */,
				0C9378ED28A57C39002035EB /* CustomView */,
				0CA0A4E628A5BC4300668895 /* DataClass */,
				0C96E60728A4628E0034FA73 /* Feature */,
				0C9EBDAB28A749EF0043797C /* Service */,
				0CA3101328AFDA7000542140 /* Thunk */,
				0C69848B28A1D8A200805B83 /* AppDelegate.swift */,
				0C69848D28A1D8A200805B83 /* SceneDelegate.swift */,
				0C96E60528A45F3C0034FA73 /* Theme.swift */,
				0C69849428A1D8A400805B83 /* Assets.xcassets */,
				0C69849628A1D8A400805B83 /* LaunchScreen.storyboard */,
				0C69849928A1D8A400805B83 /* Info.plist */,
				0C9EBD9D28A745960043797C /* TodoList.xcdatamodeld */,
			);
			path = ReTodoList;
			sourceTree = "<group>";
		};
		0C6984A128A1D8A500805B83 /* ReTodoListTests */ = {
			isa = PBXGroup;
			children = (
				0C6984A228A1D8A500805B83 /* ReTodoListTests.swift */,
			);
			path = ReTodoListTests;
			sourceTree = "<group>";
		};
		0C6984AB28A1D8A500805B83 /* ReTodoListUITests */ = {
			isa = PBXGroup;
			children = (
				0C6984AC28A1D8A500805B83 /* ReTodoListUITests.swift */,
				0C6984AE28A1D8A500805B83 /* ReTodoListUITestsLaunchTests.swift */,
			);
			path = ReTodoListUITests;
			sourceTree = "<group>";
		};
		0C9378ED28A57C39002035EB /* CustomView */ = {
			isa = PBXGroup;
			children = (
				0C9378EE28A57C54002035EB /* EditorNavBar.swift */,
				0C1604EA28A64EA8004E710F /* TableView */,
			);
			path = CustomView;
			sourceTree = "<group>";
		};
		0C9378F428A580F9002035EB /* Core */ = {
			isa = PBXGroup;
			children = (
				0C9EBDC528A74B770043797C /* Coder */,
				0C9EBDA028A745D90043797C /* Logger */,
				0C9EBDB228A749EF0043797C /* Networking */,
				0CA0A4EC28A5BE3B00668895 /* Date+Core.swift */,
				0C9378F528A5810F002035EB /* KeyboardEventsHandle.swift */,
				0C1604E828A61DF1004E710F /* UISegmentedControl+Core.swift */,
			);
			path = Core;
			sourceTree = "<group>";
		};
		0C96E5FA28A31D9E0034FA73 /* App */ = {
			isa = PBXGroup;
			children = (
				0C96E5FB28A31DB00034FA73 /* Builder */,
				0C97E8C228A573F000B087DC /* ViewController */,
				0C97E8B628A4CB2500B087DC /* UDF */,
			);
			path = App;
			sourceTree = "<group>";
		};
		0C96E5FB28A31DB00034FA73 /* Builder */ = {
			isa = PBXGroup;
			children = (
				0C96E5FC28A31DC30034FA73 /* AppBuilder.swift */,
				0C96E5FE28A31DD30034FA73 /* AppBuilderImp.swift */,
			);
			path = Builder;
			sourceTree = "<group>";
		};
		0C96E60728A4628E0034FA73 /* Feature */ = {
			isa = PBXGroup;
			children = (
				0C16051928A6BEBB004E710F /* Counter */,
				0C96E60828A462990034FA73 /* Editor */,
				0C1604F828A65623004E710F /* ItemList */,
				0CA0A4D828A5BC0F00668895 /* NavToEditor */,
				0C9EBDD428A830FA0043797C /* NetworkIndicator */,
				0C16052228A70C50004E710F /* VisibilitySwitch */,
			);
			path = Feature;
			sourceTree = "<group>";
		};
		0C96E60828A462990034FA73 /* Editor */ = {
			isa = PBXGroup;
			children = (
				0C96E60928A462B10034FA73 /* Builder */,
				0C9EBDEB28A86E090043797C /* Model */,
				0C96E60A28A462B80034FA73 /* View */,
				0C1604DA28A5E8FA004E710F /* UDF */,
			);
			path = Editor;
			sourceTree = "<group>";
		};
		0C96E60928A462B10034FA73 /* Builder */ = {
			isa = PBXGroup;
			children = (
				0C96E60B28A463B60034FA73 /* EditorBuilder.swift */,
				0C96E60D28A463C40034FA73 /* EditorBuilderImp.swift */,
			);
			path = Builder;
			sourceTree = "<group>";
		};
		0C96E60A28A462B80034FA73 /* View */ = {
			isa = PBXGroup;
			children = (
				0C9EBDF028A86EAA0043797C /* EditorView.swift */,
				0C96E60F28A463D60034FA73 /* EditorViewController.swift */,
				0C9378F028A58081002035EB /* EditorViewController+Layout.swift */,
				0C9378F228A5808F002035EB /* EditorViewParams.swift */,
			);
			path = View;
			sourceTree = "<group>";
		};
		0C97E8B628A4CB2500B087DC /* UDF */ = {
			isa = PBXGroup;
			children = (
				0C97E8B728A4CB3E00B087DC /* AppState.swift */,
				0C97E8B928A4CC7400B087DC /* appReducer.swift */,
				0C603EC828B38B9D004B4F4D /* UDFModel.swift */,
				0C603ED628B399F9004B4F4D /* UDFGraph.swift */,
			);
			path = UDF;
			sourceTree = "<group>";
		};
		0C97E8C228A573F000B087DC /* ViewController */ = {
			isa = PBXGroup;
			children = (
				0C96E60128A31DF90034FA73 /* RootViewController.swift */,
				0C96E60328A442870034FA73 /* RootViewController+Layout.swift */,
			);
			path = ViewController;
			sourceTree = "<group>";
		};
		0C9EBD8D28A745600043797C /* Cache */ = {
			isa = PBXGroup;
			children = (
				0C9EBD9028A745600043797C /* TodoListCache.swift */,
				0C9EBD8E28A745600043797C /* TodoListCacheImp.swift */,
				0C9EBD8F28A745600043797C /* DeadItemsCache.swift */,
				0C9EBD9528A745600043797C /* DeadItemsCacheImp.swift */,
				0C9EBD9128A745600043797C /* DataClass */,
				0C9EBD9428A745600043797C /* TodoListPersistentContainer.swift */,
			);
			path = Cache;
			sourceTree = "<group>";
		};
		0C9EBD9128A745600043797C /* DataClass */ = {
			isa = PBXGroup;
			children = (
				0C9EBD9228A745600043797C /* TodoItemMO.swift */,
				0C9EBD9328A745600043797C /* TombstoneMO.swift */,
			);
			path = DataClass;
			sourceTree = "<group>";
		};
		0C9EBDA028A745D90043797C /* Logger */ = {
			isa = PBXGroup;
			children = (
				0C9EBDA128A745D90043797C /* Logger.swift */,
				0C9EBDA228A745D90043797C /* LoggerImpl.swift */,
			);
			path = Logger;
			sourceTree = "<group>";
		};
		0C9EBDAB28A749EF0043797C /* Service */ = {
			isa = PBXGroup;
			children = (
				0C9EBDAC28A749EF0043797C /* NetworkingService */,
				0C9EBDB828A749EF0043797C /* HttpData */,
				0CEB5E2028A91476000DAD44 /* TodoListService.swift */,
				0CEB5E2228A91483000DAD44 /* TodoListServiceImp.swift */,
			);
			path = Service;
			sourceTree = "<group>";
		};
		0C9EBDAC28A749EF0043797C /* NetworkingService */ = {
			isa = PBXGroup;
			children = (
				0C9EBDAD28A749EF0043797C /* NetworkingService.swift */,
				0C9EBDAE28A749EF0043797C /* NetworkingServiceImp.swift */,
			);
			path = NetworkingService;
			sourceTree = "<group>";
		};
		0C9EBDB228A749EF0043797C /* Networking */ = {
			isa = PBXGroup;
			children = (
				0C9EBDB328A749EF0043797C /* HttpClient.swift */,
				0C9EBDB428A749EF0043797C /* HttpClientImp.swift */,
			);
			path = Networking;
			sourceTree = "<group>";
		};
		0C9EBDB828A749EF0043797C /* HttpData */ = {
			isa = PBXGroup;
			children = (
				0C9EBDB928A749EF0043797C /* MergeTodoListRequestData.swift */,
				0C9EBDA928A746B10043797C /* TodoItemDTO.swift */,
			);
			path = HttpData;
			sourceTree = "<group>";
		};
		0C9EBDC528A74B770043797C /* Coder */ = {
			isa = PBXGroup;
			children = (
				0C9EBDC728A74B770043797C /* JsonCoder.swift */,
				0C9EBDC628A74B770043797C /* JsonCoderImp.swift */,
			);
			path = Coder;
			sourceTree = "<group>";
		};
		0C9EBDCA28A7B40D0043797C /* Model */ = {
			isa = PBXGroup;
			children = (
				0C9EBDCB28A7B41C0043797C /* ItemListModel.swift */,
				0C9EBDCD28A7B42F0043797C /* ItemListModelImp.swift */,
			);
			path = Model;
			sourceTree = "<group>";
		};
		0C9EBDD428A830FA0043797C /* NetworkIndicator */ = {
			isa = PBXGroup;
			children = (
				0C9EBDD528A831130043797C /* Builder */,
				0C9EBE0228A8B7C30043797C /* Graph */,
				0C9EBDF428A89C0D0043797C /* Model */,
				0C9EBDDA28A8315E0043797C /* View */,
				0C9EBDDD28A831890043797C /* UDF */,
			);
			path = NetworkIndicator;
			sourceTree = "<group>";
		};
		0C9EBDD528A831130043797C /* Builder */ = {
			isa = PBXGroup;
			children = (
				0C9EBDD628A831370043797C /* NetworkIndicatorBuilder.swift */,
				0C9EBDD828A831570043797C /* NetworkIndicatorBuilderImp.swift */,
			);
			path = Builder;
			sourceTree = "<group>";
		};
		0C9EBDDA28A8315E0043797C /* View */ = {
			isa = PBXGroup;
			children = (
				0C9EBDF928A89C950043797C /* NetworkIndicatorView.swift */,
				0C9EBDDB28A831760043797C /* NetworkIndicatorViewImp.swift */,
			);
			path = View;
			sourceTree = "<group>";
		};
		0C9EBDDD28A831890043797C /* UDF */ = {
			isa = PBXGroup;
			children = (
				0C9EBDDE28A8319D0043797C /* NetworkIndicatorAction.swift */,
				0C9EBDE028A836740043797C /* NetworkIndicatorState.swift */,
				0C9EBDE228A836990043797C /* networkIndicatorReducer.swift */,
			);
			path = UDF;
			sourceTree = "<group>";
		};
		0C9EBDE428A861A30043797C /* Model */ = {
			isa = PBXGroup;
			children = (
				0C9EBDE528A861B80043797C /* CounterModel.swift */,
				0C9EBDE728A861DA0043797C /* CounterModelImp.swift */,
			);
			path = Model;
			sourceTree = "<group>";
		};
		0C9EBDEB28A86E090043797C /* Model */ = {
			isa = PBXGroup;
			children = (
				0C9EBDEC28A86E1C0043797C /* EditorModel.swift */,
				0C9EBDEE28A86E340043797C /* EditorModelImp.swift */,
			);
			path = Model;
			sourceTree = "<group>";
		};
		0C9EBDF428A89C0D0043797C /* Model */ = {
			isa = PBXGroup;
			children = (
				0C9EBDF528A89C200043797C /* NetworkIndicatorModel.swift */,
				0C9EBDF728A89C320043797C /* NetworkIndicatorModelImp.swift */,
			);
			path = Model;
			sourceTree = "<group>";
		};
		0C9EBDFD28A8AE780043797C /* Model */ = {
			isa = PBXGroup;
			children = (
				0C9EBDFE28A8AE850043797C /* VisibilitySwitchModel.swift */,
				0C9EBE0028A8AE980043797C /* VisibilitySwitchModelImp.swift */,
			);
			path = Model;
			sourceTree = "<group>";
		};
		0C9EBE0228A8B7C30043797C /* Graph */ = {
			isa = PBXGroup;
			children = (
				0C9EBE0528A8B8040043797C /* NetworkIndicatorGraphImp.swift */,
			);
			path = Graph;
			sourceTree = "<group>";
		};
		0CA0A4D828A5BC0F00668895 /* NavToEditor */ = {
			isa = PBXGroup;
			children = (
				0CA0A4DB28A5BC0F00668895 /* Builder */,
				0CA0A4DE28A5BC0F00668895 /* Router */,
				0CA0A4D928A5BC0F00668895 /* View */,
			);
			path = NavToEditor;
			sourceTree = "<group>";
		};
		0CA0A4D928A5BC0F00668895 /* View */ = {
			isa = PBXGroup;
			children = (
				0CA0A4DA28A5BC0F00668895 /* NavToEditorView.swift */,
			);
			path = View;
			sourceTree = "<group>";
		};
		0CA0A4DB28A5BC0F00668895 /* Builder */ = {
			isa = PBXGroup;
			children = (
				0CA0A4DD28A5BC0F00668895 /* NavToEditorBuilder.swift */,
				0CA0A4DC28A5BC0F00668895 /* NavToEditorBuilderImp.swift */,
			);
			path = Builder;
			sourceTree = "<group>";
		};
		0CA0A4DE28A5BC0F00668895 /* Router */ = {
			isa = PBXGroup;
			children = (
				0CA0A4E028A5BC0F00668895 /* NavToEditorRouter.swift */,
				0CA0A4DF28A5BC0F00668895 /* NavToEditorRouterImp.swift */,
			);
			path = Router;
			sourceTree = "<group>";
		};
		0CA0A4E628A5BC4300668895 /* DataClass */ = {
			isa = PBXGroup;
			children = (
				0CA0A4E728A5BC4F00668895 /* TodoItem.swift */,
				0C9EBDA628A7462D0043797C /* TodoItem+Array.swift */,
				0C9EBDA528A7462D0043797C /* Tombstone.swift */,
			);
			path = DataClass;
			sourceTree = "<group>";
		};
		0CA3101328AFDA7000542140 /* Thunk */ = {
			isa = PBXGroup;
			children = (
				0CEB5E2428A914B5000DAD44 /* TodoListThunk.swift */,
				0CEB5E2628A914C1000DAD44 /* TodoListThunkImp.swift */,
				0C38A86328A9B68600F9FEB0 /* TodoListThunkImp+DI.swift */,
				0CF42ED528B0F05500C2EA0A /* TodoListThunkAction.swift */,
			);
			path = Thunk;
			sourceTree = "<group>";
		};
/* End PBXGroup section */

/* Begin PBXNativeTarget section */
		0C69848728A1D8A200805B83 /* ReTodoList */ = {
			isa = PBXNativeTarget;
			buildConfigurationList = 0C6984B228A1D8A500805B83 /* Build configuration list for PBXNativeTarget "ReTodoList" */;
			buildPhases = (
				0C69848428A1D8A200805B83 /* Sources */,
				0C69848528A1D8A200805B83 /* Frameworks */,
				0C69848628A1D8A200805B83 /* Resources */,
				0C292F0F28A2275F00C2B656 /* ShellScript */,
			);
			buildRules = (
			);
			dependencies = (
			);
			name = ReTodoList;
			packageProductDependencies = (
				0CA0A4D628A5BBB700668895 /* ReSwift */,
				0CA0A4EA28A5BCBE00668895 /* SnapKit */,
				0C9EBE0A28A8CB980043797C /* ReSwiftThunk */,
			);
			productName = ReTodoList;
			productReference = 0C69848828A1D8A200805B83 /* ReTodoList.app */;
			productType = "com.apple.product-type.application";
		};
		0C69849D28A1D8A500805B83 /* ReTodoListTests */ = {
			isa = PBXNativeTarget;
			buildConfigurationList = 0C6984B528A1D8A500805B83 /* Build configuration list for PBXNativeTarget "ReTodoListTests" */;
			buildPhases = (
				0C69849A28A1D8A500805B83 /* Sources */,
				0C69849B28A1D8A500805B83 /* Frameworks */,
				0C69849C28A1D8A500805B83 /* Resources */,
			);
			buildRules = (
			);
			dependencies = (
				0C6984A028A1D8A500805B83 /* PBXTargetDependency */,
			);
			name = ReTodoListTests;
			productName = ReTodoListTests;
			productReference = 0C69849E28A1D8A500805B83 /* ReTodoListTests.xctest */;
			productType = "com.apple.product-type.bundle.unit-test";
		};
		0C6984A728A1D8A500805B83 /* ReTodoListUITests */ = {
			isa = PBXNativeTarget;
			buildConfigurationList = 0C6984B828A1D8A500805B83 /* Build configuration list for PBXNativeTarget "ReTodoListUITests" */;
			buildPhases = (
				0C6984A428A1D8A500805B83 /* Sources */,
				0C6984A528A1D8A500805B83 /* Frameworks */,
				0C6984A628A1D8A500805B83 /* Resources */,
			);
			buildRules = (
			);
			dependencies = (
				0C6984AA28A1D8A500805B83 /* PBXTargetDependency */,
			);
			name = ReTodoListUITests;
			productName = ReTodoListUITests;
			productReference = 0C6984A828A1D8A500805B83 /* ReTodoListUITests.xctest */;
			productType = "com.apple.product-type.bundle.ui-testing";
		};
/* End PBXNativeTarget section */

/* Begin PBXProject section */
		0C69848028A1D8A200805B83 /* Project object */ = {
			isa = PBXProject;
			attributes = {
				BuildIndependentTargetsInParallel = 1;
				LastSwiftUpdateCheck = 1320;
				LastUpgradeCheck = 1320;
				TargetAttributes = {
					0C69848728A1D8A200805B83 = {
						CreatedOnToolsVersion = 13.2.1;
					};
					0C69849D28A1D8A500805B83 = {
						CreatedOnToolsVersion = 13.2.1;
						TestTargetID = 0C69848728A1D8A200805B83;
					};
					0C6984A728A1D8A500805B83 = {
						CreatedOnToolsVersion = 13.2.1;
						TestTargetID = 0C69848728A1D8A200805B83;
					};
				};
			};
			buildConfigurationList = 0C69848328A1D8A200805B83 /* Build configuration list for PBXProject "ReTodoList" */;
			compatibilityVersion = "Xcode 13.0";
			developmentRegion = en;
			hasScannedForEncodings = 0;
			knownRegions = (
				en,
				Base,
			);
			mainGroup = 0C69847F28A1D8A200805B83;
			packageReferences = (
				0CA0A4D528A5BBB700668895 /* XCRemoteSwiftPackageReference "ReSwift" */,
				0CA0A4E928A5BCBE00668895 /* XCRemoteSwiftPackageReference "SnapKit" */,
				0C9EBE0928A8CB980043797C /* XCRemoteSwiftPackageReference "ReSwift-Thunk" */,
			);
			productRefGroup = 0C69848928A1D8A200805B83 /* Products */;
			projectDirPath = "";
			projectRoot = "";
			targets = (
				0C69848728A1D8A200805B83 /* ReTodoList */,
				0C69849D28A1D8A500805B83 /* ReTodoListTests */,
				0C6984A728A1D8A500805B83 /* ReTodoListUITests */,
			);
		};
/* End PBXProject section */

/* Begin PBXResourcesBuildPhase section */
		0C69848628A1D8A200805B83 /* Resources */ = {
			isa = PBXResourcesBuildPhase;
			buildActionMask = 2147483647;
			files = (
				0C69849828A1D8A400805B83 /* LaunchScreen.storyboard in Resources */,
				0C69849528A1D8A400805B83 /* Assets.xcassets in Resources */,
			);
			runOnlyForDeploymentPostprocessing = 0;
		};
		0C69849C28A1D8A500805B83 /* Resources */ = {
			isa = PBXResourcesBuildPhase;
			buildActionMask = 2147483647;
			files = (
			);
			runOnlyForDeploymentPostprocessing = 0;
		};
		0C6984A628A1D8A500805B83 /* Resources */ = {
			isa = PBXResourcesBuildPhase;
			buildActionMask = 2147483647;
			files = (
			);
			runOnlyForDeploymentPostprocessing = 0;
		};
/* End PBXResourcesBuildPhase section */

/* Begin PBXShellScriptBuildPhase section */
		0C292F0F28A2275F00C2B656 /* ShellScript */ = {
			isa = PBXShellScriptBuildPhase;
			buildActionMask = 2147483647;
			files = (
			);
			inputFileListPaths = (
			);
			inputPaths = (
			);
			outputFileListPaths = (
			);
			outputPaths = (
			);
			runOnlyForDeploymentPostprocessing = 0;
			shellPath = /bin/sh;
			shellScript = "if which swiftlint >/dev/null; then\n  swiftlint\nelse\n  echo \"warning: SwiftLint not installed, download from https://github.com/realm/SwiftLint\"\nfi\n";
		};
/* End PBXShellScriptBuildPhase section */

/* Begin PBXSourcesBuildPhase section */
		0C69848428A1D8A200805B83 /* Sources */ = {
			isa = PBXSourcesBuildPhase;
			buildActionMask = 2147483647;
			files = (
				0CA0A4E828A5BC4F00668895 /* TodoItem.swift in Sources */,
				0C9378F128A58081002035EB /* EditorViewController+Layout.swift in Sources */,
				0C9EBD9828A745600043797C /* TodoListCache.swift in Sources */,
				0C9EBDC828A74B770043797C /* JsonCoderImp.swift in Sources */,
				0C9EBD9B28A745600043797C /* TodoListPersistentContainer.swift in Sources */,
				0C96E60228A31DF90034FA73 /* RootViewController.swift in Sources */,
				0C9EBD9F28A745960043797C /* TodoList.xcdatamodeld in Sources */,
				0C9EBDD928A831580043797C /* NetworkIndicatorBuilderImp.swift in Sources */,
				0C9EBE0628A8B8040043797C /* NetworkIndicatorGraphImp.swift in Sources */,
				0C9EBDFA28A89C950043797C /* NetworkIndicatorView.swift in Sources */,
				0CEB5E2728A914C1000DAD44 /* TodoListThunkImp.swift in Sources */,
				0C69848C28A1D8A200805B83 /* AppDelegate.swift in Sources */,
				0C9EBDED28A86E1C0043797C /* EditorModel.swift in Sources */,
				0CEB5E2328A91483000DAD44 /* TodoListServiceImp.swift in Sources */,
				0CA0A4E228A5BC0F00668895 /* NavToEditorBuilderImp.swift in Sources */,
				0C9EBE0128A8AE980043797C /* VisibilitySwitchModelImp.swift in Sources */,
				0CEB5E2128A91476000DAD44 /* TodoListService.swift in Sources */,
				0C9EBDCE28A7B42F0043797C /* ItemListModelImp.swift in Sources */,
				0C9EBDC028A749EF0043797C /* HttpClientImp.swift in Sources */,
				0C9EBDCC28A7B41C0043797C /* ItemListModel.swift in Sources */,
				0C96E60428A442870034FA73 /* RootViewController+Layout.swift in Sources */,
				0C1604F428A64EA9004E710F /* NewTodoItemCell.swift in Sources */,
				0C96E61028A463D60034FA73 /* EditorViewController.swift in Sources */,
				0C9EBDBC28A749EF0043797C /* NetworkingServiceImp.swift in Sources */,
				0C9EBDD728A831370043797C /* NetworkIndicatorBuilder.swift in Sources */,
				0C603EC928B38B9D004B4F4D /* UDFModel.swift in Sources */,
				0C9EBD9C28A745600043797C /* DeadItemsCacheImp.swift in Sources */,
				0C1604E928A61DF1004E710F /* UISegmentedControl+Core.swift in Sources */,
				0C16050E28A65623004E710F /* ItemListBuilderImp.swift in Sources */,
				0C16051628A66707004E710F /* itemListReducer.swift in Sources */,
				0CA0A4E128A5BC0F00668895 /* NavToEditorView.swift in Sources */,
				0C96E5FF28A31DD30034FA73 /* AppBuilderImp.swift in Sources */,
				0C96E60C28A463B60034FA73 /* EditorBuilder.swift in Sources */,
				0C9EBD9A28A745600043797C /* TombstoneMO.swift in Sources */,
				0C9EBDA728A7462D0043797C /* Tombstone.swift in Sources */,
				0C9EBDE328A836990043797C /* networkIndicatorReducer.swift in Sources */,
				0C16051228A666E8004E710F /* ItemListState.swift in Sources */,
				0C16051428A666F8004E710F /* ItemListAction.swift in Sources */,
				0C9378F628A5810F002035EB /* KeyboardEventsHandle.swift in Sources */,
				0C9EBDE628A861B80043797C /* CounterModel.swift in Sources */,
				0C97E8B828A4CB3E00B087DC /* AppState.swift in Sources */,
				0C9EBDC928A74B770043797C /* JsonCoder.swift in Sources */,
				0C603ED328B38D00004B4F4D /* VisibilitySwitchGraphImp.swift in Sources */,
				0CEB5E2528A914B5000DAD44 /* TodoListThunk.swift in Sources */,
				0C9EBDC328A749EF0043797C /* MergeTodoListRequestData.swift in Sources */,
				0C603ED728B399F9004B4F4D /* UDFGraph.swift in Sources */,
				0C1604E028A5E949004E710F /* EditorAction.swift in Sources */,
				0C9EBD9728A745600043797C /* DeadItemsCache.swift in Sources */,
				0C9EBDEA28A862B40043797C /* CounterView.swift in Sources */,
				0C1604F528A64EA9004E710F /* NewTodoItemCell+Layout.swift in Sources */,
				0C1604F128A64EA9004E710F /* ItemsTableController.swift in Sources */,
				0C16050F28A65623004E710F /* ItemListBuilder.swift in Sources */,
				0C9EBDBF28A749EF0043797C /* HttpClient.swift in Sources */,
				0C16052828A70C98004E710F /* VisibilitySwitchBuilderImp.swift in Sources */,
				0C1604DC28A5E917004E710F /* EditorState.swift in Sources */,
				0C9EBDA828A7462D0043797C /* TodoItem+Array.swift in Sources */,
				0C96E60E28A463C40034FA73 /* EditorBuilderImp.swift in Sources */,
				0CF42ED628B0F05500C2EA0A /* TodoListThunkAction.swift in Sources */,
				0C9EBD9928A745600043797C /* TodoItemMO.swift in Sources */,
				0C69848E28A1D8A200805B83 /* SceneDelegate.swift in Sources */,
				0CA0A4E328A5BC0F00668895 /* NavToEditorBuilder.swift in Sources */,
				0C9EBDDC28A831760043797C /* NetworkIndicatorViewImp.swift in Sources */,
				0C16051828A6B882004E710F /* ItemListViewImp+Layout.swift in Sources */,
				0C9EBDF328A87A680043797C /* ItemListView.swift in Sources */,
				0C9378F328A5808F002035EB /* EditorViewParams.swift in Sources */,
				0C9EBDF828A89C320043797C /* NetworkIndicatorModelImp.swift in Sources */,
				0C9EBDE128A836740043797C /* NetworkIndicatorState.swift in Sources */,
				0C16052628A70C7D004E710F /* VisibilitySwitchBuilder.swift in Sources */,
				0C9EBDF128A86EAA0043797C /* EditorView.swift in Sources */,
				0CA0A4E528A5BC0F00668895 /* NavToEditorRouter.swift in Sources */,
				0C9EBDA328A745D90043797C /* Logger.swift in Sources */,
				0C1604F228A64EA9004E710F /* TodoItemCell+Layout.swift in Sources */,
				0C38A86428A9B68600F9FEB0 /* TodoListThunkImp+DI.swift in Sources */,
				0C96E5FD28A31DC30034FA73 /* AppBuilder.swift in Sources */,
				0C9EBDFC28A8AE690043797C /* VisibilitySwitchView.swift in Sources */,
				0C16052028A6BEBB004E710F /* CounterBuilder.swift in Sources */,
				0CA0A4E428A5BC0F00668895 /* NavToEditorRouterImp.swift in Sources */,
				0C9EBDF628A89C200043797C /* NetworkIndicatorModel.swift in Sources */,
				0C16052A28A70CB4004E710F /* VisibilitySwitchViewImp.swift in Sources */,
				0C16052D28A7100E004E710F /* VisibilitySwitchAction.swift in Sources */,
				0CA0A4ED28A5BE3B00668895 /* Date+Core.swift in Sources */,
				0C97E8BA28A4CC7400B087DC /* appReducer.swift in Sources */,
				0C16050D28A65623004E710F /* ItemListViewImp.swift in Sources */,
				0C9EBDEF28A86E340043797C /* EditorModelImp.swift in Sources */,
				0C9EBDBB28A749EF0043797C /* NetworkingService.swift in Sources */,
				0C16051F28A6BEBB004E710F /* CounterViewImp.swift in Sources */,
				0C9EBDDF28A8319D0043797C /* NetworkIndicatorAction.swift in Sources */,
				0C9EBDE828A861DA0043797C /* CounterModelImp.swift in Sources */,
				0C9378EF28A57C54002035EB /* EditorNavBar.swift in Sources */,
				0C16052128A6BEBB004E710F /* CounterBuilderImp.swift in Sources */,
				0C603ECE28B38C91004B4F4D /* CounterGraphImp.swift in Sources */,
				0C9EBDFF28A8AE850043797C /* VisibilitySwitchModel.swift in Sources */,
				0C9EBDA428A745D90043797C /* LoggerImpl.swift in Sources */,
				0C1604DE28A5E931004E710F /* editorReducer.swift in Sources */,
				0C9EBDAA28A746B10043797C /* TodoItemDTO.swift in Sources */,
				0C9EBD9628A745600043797C /* TodoListCacheImp.swift in Sources */,
				0C1604F328A64EA9004E710F /* TodoItemCell.swift in Sources */,
				0C96E60628A45F3C0034FA73 /* Theme.swift in Sources */,
			);
			runOnlyForDeploymentPostprocessing = 0;
		};
		0C69849A28A1D8A500805B83 /* Sources */ = {
			isa = PBXSourcesBuildPhase;
			buildActionMask = 2147483647;
			files = (
				0C6984A328A1D8A500805B83 /* ReTodoListTests.swift in Sources */,
			);
			runOnlyForDeploymentPostprocessing = 0;
		};
		0C6984A428A1D8A500805B83 /* Sources */ = {
			isa = PBXSourcesBuildPhase;
			buildActionMask = 2147483647;
			files = (
				0C6984AD28A1D8A500805B83 /* ReTodoListUITests.swift in Sources */,
				0C6984AF28A1D8A500805B83 /* ReTodoListUITestsLaunchTests.swift in Sources */,
			);
			runOnlyForDeploymentPostprocessing = 0;
		};
/* End PBXSourcesBuildPhase section */

/* Begin PBXTargetDependency section */
		0C6984A028A1D8A500805B83 /* PBXTargetDependency */ = {
			isa = PBXTargetDependency;
			target = 0C69848728A1D8A200805B83 /* ReTodoList */;
			targetProxy = 0C69849F28A1D8A500805B83 /* PBXContainerItemProxy */;
		};
		0C6984AA28A1D8A500805B83 /* PBXTargetDependency */ = {
			isa = PBXTargetDependency;
			target = 0C69848728A1D8A200805B83 /* ReTodoList */;
			targetProxy = 0C6984A928A1D8A500805B83 /* PBXContainerItemProxy */;
		};
/* End PBXTargetDependency section */

/* Begin PBXVariantGroup section */
		0C69849628A1D8A400805B83 /* LaunchScreen.storyboard */ = {
			isa = PBXVariantGroup;
			children = (
				0C69849728A1D8A400805B83 /* Base */,
			);
			name = LaunchScreen.storyboard;
			sourceTree = "<group>";
		};
/* End PBXVariantGroup section */

/* Begin XCBuildConfiguration section */
		0C6984B028A1D8A500805B83 /* Debug */ = {
			isa = XCBuildConfiguration;
			buildSettings = {
				ALWAYS_SEARCH_USER_PATHS = NO;
				CLANG_ANALYZER_NONNULL = YES;
				CLANG_ANALYZER_NUMBER_OBJECT_CONVERSION = YES_AGGRESSIVE;
				CLANG_CXX_LANGUAGE_STANDARD = "gnu++17";
				CLANG_CXX_LIBRARY = "libc++";
				CLANG_ENABLE_MODULES = YES;
				CLANG_ENABLE_OBJC_ARC = YES;
				CLANG_ENABLE_OBJC_WEAK = YES;
				CLANG_WARN_BLOCK_CAPTURE_AUTORELEASING = YES;
				CLANG_WARN_BOOL_CONVERSION = YES;
				CLANG_WARN_COMMA = YES;
				CLANG_WARN_CONSTANT_CONVERSION = YES;
				CLANG_WARN_DEPRECATED_OBJC_IMPLEMENTATIONS = YES;
				CLANG_WARN_DIRECT_OBJC_ISA_USAGE = YES_ERROR;
				CLANG_WARN_DOCUMENTATION_COMMENTS = YES;
				CLANG_WARN_EMPTY_BODY = YES;
				CLANG_WARN_ENUM_CONVERSION = YES;
				CLANG_WARN_INFINITE_RECURSION = YES;
				CLANG_WARN_INT_CONVERSION = YES;
				CLANG_WARN_NON_LITERAL_NULL_CONVERSION = YES;
				CLANG_WARN_OBJC_IMPLICIT_RETAIN_SELF = YES;
				CLANG_WARN_OBJC_LITERAL_CONVERSION = YES;
				CLANG_WARN_OBJC_ROOT_CLASS = YES_ERROR;
				CLANG_WARN_QUOTED_INCLUDE_IN_FRAMEWORK_HEADER = YES;
				CLANG_WARN_RANGE_LOOP_ANALYSIS = YES;
				CLANG_WARN_STRICT_PROTOTYPES = YES;
				CLANG_WARN_SUSPICIOUS_MOVE = YES;
				CLANG_WARN_UNGUARDED_AVAILABILITY = YES_AGGRESSIVE;
				CLANG_WARN_UNREACHABLE_CODE = YES;
				CLANG_WARN__DUPLICATE_METHOD_MATCH = YES;
				COPY_PHASE_STRIP = NO;
				DEBUG_INFORMATION_FORMAT = dwarf;
				ENABLE_STRICT_OBJC_MSGSEND = YES;
				ENABLE_TESTABILITY = YES;
				GCC_C_LANGUAGE_STANDARD = gnu11;
				GCC_DYNAMIC_NO_PIC = NO;
				GCC_NO_COMMON_BLOCKS = YES;
				GCC_OPTIMIZATION_LEVEL = 0;
				GCC_PREPROCESSOR_DEFINITIONS = (
					"DEBUG=1",
					"$(inherited)",
				);
				GCC_WARN_64_TO_32_BIT_CONVERSION = YES;
				GCC_WARN_ABOUT_RETURN_TYPE = YES_ERROR;
				GCC_WARN_UNDECLARED_SELECTOR = YES;
				GCC_WARN_UNINITIALIZED_AUTOS = YES_AGGRESSIVE;
				GCC_WARN_UNUSED_FUNCTION = YES;
				GCC_WARN_UNUSED_VARIABLE = YES;
				IPHONEOS_DEPLOYMENT_TARGET = 15.2;
				MTL_ENABLE_DEBUG_INFO = INCLUDE_SOURCE;
				MTL_FAST_MATH = YES;
				ONLY_ACTIVE_ARCH = YES;
				SDKROOT = iphoneos;
				SWIFT_ACTIVE_COMPILATION_CONDITIONS = DEBUG;
				SWIFT_OPTIMIZATION_LEVEL = "-Onone";
			};
			name = Debug;
		};
		0C6984B128A1D8A500805B83 /* Release */ = {
			isa = XCBuildConfiguration;
			buildSettings = {
				ALWAYS_SEARCH_USER_PATHS = NO;
				CLANG_ANALYZER_NONNULL = YES;
				CLANG_ANALYZER_NUMBER_OBJECT_CONVERSION = YES_AGGRESSIVE;
				CLANG_CXX_LANGUAGE_STANDARD = "gnu++17";
				CLANG_CXX_LIBRARY = "libc++";
				CLANG_ENABLE_MODULES = YES;
				CLANG_ENABLE_OBJC_ARC = YES;
				CLANG_ENABLE_OBJC_WEAK = YES;
				CLANG_WARN_BLOCK_CAPTURE_AUTORELEASING = YES;
				CLANG_WARN_BOOL_CONVERSION = YES;
				CLANG_WARN_COMMA = YES;
				CLANG_WARN_CONSTANT_CONVERSION = YES;
				CLANG_WARN_DEPRECATED_OBJC_IMPLEMENTATIONS = YES;
				CLANG_WARN_DIRECT_OBJC_ISA_USAGE = YES_ERROR;
				CLANG_WARN_DOCUMENTATION_COMMENTS = YES;
				CLANG_WARN_EMPTY_BODY = YES;
				CLANG_WARN_ENUM_CONVERSION = YES;
				CLANG_WARN_INFINITE_RECURSION = YES;
				CLANG_WARN_INT_CONVERSION = YES;
				CLANG_WARN_NON_LITERAL_NULL_CONVERSION = YES;
				CLANG_WARN_OBJC_IMPLICIT_RETAIN_SELF = YES;
				CLANG_WARN_OBJC_LITERAL_CONVERSION = YES;
				CLANG_WARN_OBJC_ROOT_CLASS = YES_ERROR;
				CLANG_WARN_QUOTED_INCLUDE_IN_FRAMEWORK_HEADER = YES;
				CLANG_WARN_RANGE_LOOP_ANALYSIS = YES;
				CLANG_WARN_STRICT_PROTOTYPES = YES;
				CLANG_WARN_SUSPICIOUS_MOVE = YES;
				CLANG_WARN_UNGUARDED_AVAILABILITY = YES_AGGRESSIVE;
				CLANG_WARN_UNREACHABLE_CODE = YES;
				CLANG_WARN__DUPLICATE_METHOD_MATCH = YES;
				COPY_PHASE_STRIP = NO;
				DEBUG_INFORMATION_FORMAT = "dwarf-with-dsym";
				ENABLE_NS_ASSERTIONS = NO;
				ENABLE_STRICT_OBJC_MSGSEND = YES;
				GCC_C_LANGUAGE_STANDARD = gnu11;
				GCC_NO_COMMON_BLOCKS = YES;
				GCC_WARN_64_TO_32_BIT_CONVERSION = YES;
				GCC_WARN_ABOUT_RETURN_TYPE = YES_ERROR;
				GCC_WARN_UNDECLARED_SELECTOR = YES;
				GCC_WARN_UNINITIALIZED_AUTOS = YES_AGGRESSIVE;
				GCC_WARN_UNUSED_FUNCTION = YES;
				GCC_WARN_UNUSED_VARIABLE = YES;
				IPHONEOS_DEPLOYMENT_TARGET = 15.2;
				MTL_ENABLE_DEBUG_INFO = NO;
				MTL_FAST_MATH = YES;
				SDKROOT = iphoneos;
				SWIFT_COMPILATION_MODE = wholemodule;
				SWIFT_OPTIMIZATION_LEVEL = "-O";
				VALIDATE_PRODUCT = YES;
			};
			name = Release;
		};
		0C6984B328A1D8A500805B83 /* Debug */ = {
			isa = XCBuildConfiguration;
			buildSettings = {
				ASSETCATALOG_COMPILER_APPICON_NAME = AppIcon;
				ASSETCATALOG_COMPILER_GLOBAL_ACCENT_COLOR_NAME = AccentColor;
				CODE_SIGN_STYLE = Automatic;
				CURRENT_PROJECT_VERSION = 1;
				DEVELOPMENT_TEAM = T96KB8H453;
				GENERATE_INFOPLIST_FILE = YES;
				INFOPLIST_FILE = ReTodoList/Info.plist;
				INFOPLIST_KEY_UIApplicationSupportsIndirectInputEvents = YES;
				INFOPLIST_KEY_UILaunchStoryboardName = LaunchScreen;
				INFOPLIST_KEY_UISupportedInterfaceOrientations_iPad = "UIInterfaceOrientationPortrait UIInterfaceOrientationPortraitUpsideDown UIInterfaceOrientationLandscapeLeft UIInterfaceOrientationLandscapeRight";
				INFOPLIST_KEY_UISupportedInterfaceOrientations_iPhone = "UIInterfaceOrientationPortrait UIInterfaceOrientationLandscapeLeft UIInterfaceOrientationLandscapeRight";
				LD_RUNPATH_SEARCH_PATHS = (
					"$(inherited)",
					"@executable_path/Frameworks",
				);
				MARKETING_VERSION = 1.0;
				PRODUCT_BUNDLE_IDENTIFIER = io.github.maksimn.ReTodoList;
				PRODUCT_NAME = "$(TARGET_NAME)";
				SWIFT_EMIT_LOC_STRINGS = YES;
				SWIFT_VERSION = 5.0;
				TARGETED_DEVICE_FAMILY = "1,2";
			};
			name = Debug;
		};
		0C6984B428A1D8A500805B83 /* Release */ = {
			isa = XCBuildConfiguration;
			buildSettings = {
				ASSETCATALOG_COMPILER_APPICON_NAME = AppIcon;
				ASSETCATALOG_COMPILER_GLOBAL_ACCENT_COLOR_NAME = AccentColor;
				CODE_SIGN_STYLE = Automatic;
				CURRENT_PROJECT_VERSION = 1;
				DEVELOPMENT_TEAM = T96KB8H453;
				GENERATE_INFOPLIST_FILE = YES;
				INFOPLIST_FILE = ReTodoList/Info.plist;
				INFOPLIST_KEY_UIApplicationSupportsIndirectInputEvents = YES;
				INFOPLIST_KEY_UILaunchStoryboardName = LaunchScreen;
				INFOPLIST_KEY_UISupportedInterfaceOrientations_iPad = "UIInterfaceOrientationPortrait UIInterfaceOrientationPortraitUpsideDown UIInterfaceOrientationLandscapeLeft UIInterfaceOrientationLandscapeRight";
				INFOPLIST_KEY_UISupportedInterfaceOrientations_iPhone = "UIInterfaceOrientationPortrait UIInterfaceOrientationLandscapeLeft UIInterfaceOrientationLandscapeRight";
				LD_RUNPATH_SEARCH_PATHS = (
					"$(inherited)",
					"@executable_path/Frameworks",
				);
				MARKETING_VERSION = 1.0;
				PRODUCT_BUNDLE_IDENTIFIER = io.github.maksimn.ReTodoList;
				PRODUCT_NAME = "$(TARGET_NAME)";
				SWIFT_EMIT_LOC_STRINGS = YES;
				SWIFT_VERSION = 5.0;
				TARGETED_DEVICE_FAMILY = "1,2";
			};
			name = Release;
		};
		0C6984B628A1D8A500805B83 /* Debug */ = {
			isa = XCBuildConfiguration;
			buildSettings = {
				ALWAYS_EMBED_SWIFT_STANDARD_LIBRARIES = YES;
				BUNDLE_LOADER = "$(TEST_HOST)";
				CODE_SIGN_STYLE = Automatic;
				CURRENT_PROJECT_VERSION = 1;
				DEVELOPMENT_TEAM = T96KB8H453;
				GENERATE_INFOPLIST_FILE = YES;
				IPHONEOS_DEPLOYMENT_TARGET = 15.2;
				MARKETING_VERSION = 1.0;
				PRODUCT_BUNDLE_IDENTIFIER = io.github.maksimn.ReTodoListTests;
				PRODUCT_NAME = "$(TARGET_NAME)";
				SWIFT_EMIT_LOC_STRINGS = NO;
				SWIFT_VERSION = 5.0;
				TARGETED_DEVICE_FAMILY = "1,2";
				TEST_HOST = "$(BUILT_PRODUCTS_DIR)/ReTodoList.app/ReTodoList";
			};
			name = Debug;
		};
		0C6984B728A1D8A500805B83 /* Release */ = {
			isa = XCBuildConfiguration;
			buildSettings = {
				ALWAYS_EMBED_SWIFT_STANDARD_LIBRARIES = YES;
				BUNDLE_LOADER = "$(TEST_HOST)";
				CODE_SIGN_STYLE = Automatic;
				CURRENT_PROJECT_VERSION = 1;
				DEVELOPMENT_TEAM = T96KB8H453;
				GENERATE_INFOPLIST_FILE = YES;
				IPHONEOS_DEPLOYMENT_TARGET = 15.2;
				MARKETING_VERSION = 1.0;
				PRODUCT_BUNDLE_IDENTIFIER = io.github.maksimn.ReTodoListTests;
				PRODUCT_NAME = "$(TARGET_NAME)";
				SWIFT_EMIT_LOC_STRINGS = NO;
				SWIFT_VERSION = 5.0;
				TARGETED_DEVICE_FAMILY = "1,2";
				TEST_HOST = "$(BUILT_PRODUCTS_DIR)/ReTodoList.app/ReTodoList";
			};
			name = Release;
		};
		0C6984B928A1D8A500805B83 /* Debug */ = {
			isa = XCBuildConfiguration;
			buildSettings = {
				ALWAYS_EMBED_SWIFT_STANDARD_LIBRARIES = YES;
				CODE_SIGN_STYLE = Automatic;
				CURRENT_PROJECT_VERSION = 1;
				DEVELOPMENT_TEAM = T96KB8H453;
				GENERATE_INFOPLIST_FILE = YES;
				MARKETING_VERSION = 1.0;
				PRODUCT_BUNDLE_IDENTIFIER = io.github.maksimn.ReTodoListUITests;
				PRODUCT_NAME = "$(TARGET_NAME)";
				SWIFT_EMIT_LOC_STRINGS = NO;
				SWIFT_VERSION = 5.0;
				TARGETED_DEVICE_FAMILY = "1,2";
				TEST_TARGET_NAME = ReTodoList;
			};
			name = Debug;
		};
		0C6984BA28A1D8A500805B83 /* Release */ = {
			isa = XCBuildConfiguration;
			buildSettings = {
				ALWAYS_EMBED_SWIFT_STANDARD_LIBRARIES = YES;
				CODE_SIGN_STYLE = Automatic;
				CURRENT_PROJECT_VERSION = 1;
				DEVELOPMENT_TEAM = T96KB8H453;
				GENERATE_INFOPLIST_FILE = YES;
				MARKETING_VERSION = 1.0;
				PRODUCT_BUNDLE_IDENTIFIER = io.github.maksimn.ReTodoListUITests;
				PRODUCT_NAME = "$(TARGET_NAME)";
				SWIFT_EMIT_LOC_STRINGS = NO;
				SWIFT_VERSION = 5.0;
				TARGETED_DEVICE_FAMILY = "1,2";
				TEST_TARGET_NAME = ReTodoList;
			};
			name = Release;
		};
/* End XCBuildConfiguration section */

/* Begin XCConfigurationList section */
		0C69848328A1D8A200805B83 /* Build configuration list for PBXProject "ReTodoList" */ = {
			isa = XCConfigurationList;
			buildConfigurations = (
				0C6984B028A1D8A500805B83 /* Debug */,
				0C6984B128A1D8A500805B83 /* Release */,
			);
			defaultConfigurationIsVisible = 0;
			defaultConfigurationName = Release;
		};
		0C6984B228A1D8A500805B83 /* Build configuration list for PBXNativeTarget "ReTodoList" */ = {
			isa = XCConfigurationList;
			buildConfigurations = (
				0C6984B328A1D8A500805B83 /* Debug */,
				0C6984B428A1D8A500805B83 /* Release */,
			);
			defaultConfigurationIsVisible = 0;
			defaultConfigurationName = Release;
		};
		0C6984B528A1D8A500805B83 /* Build configuration list for PBXNativeTarget "ReTodoListTests" */ = {
			isa = XCConfigurationList;
			buildConfigurations = (
				0C6984B628A1D8A500805B83 /* Debug */,
				0C6984B728A1D8A500805B83 /* Release */,
			);
			defaultConfigurationIsVisible = 0;
			defaultConfigurationName = Release;
		};
		0C6984B828A1D8A500805B83 /* Build configuration list for PBXNativeTarget "ReTodoListUITests" */ = {
			isa = XCConfigurationList;
			buildConfigurations = (
				0C6984B928A1D8A500805B83 /* Debug */,
				0C6984BA28A1D8A500805B83 /* Release */,
			);
			defaultConfigurationIsVisible = 0;
			defaultConfigurationName = Release;
		};
/* End XCConfigurationList section */

/* Begin XCRemoteSwiftPackageReference section */
		0C9EBE0928A8CB980043797C /* XCRemoteSwiftPackageReference "ReSwift-Thunk" */ = {
			isa = XCRemoteSwiftPackageReference;
			repositoryURL = "https://github.com/ReSwift/ReSwift-Thunk";
			requirement = {
				kind = exactVersion;
				version = 2.0.1;
			};
		};
		0CA0A4D528A5BBB700668895 /* XCRemoteSwiftPackageReference "ReSwift" */ = {
			isa = XCRemoteSwiftPackageReference;
			repositoryURL = "https://github.com/ReSwift/ReSwift";
			requirement = {
				kind = exactVersion;
				version = 6.1.0;
			};
		};
		0CA0A4E928A5BCBE00668895 /* XCRemoteSwiftPackageReference "SnapKit" */ = {
			isa = XCRemoteSwiftPackageReference;
			repositoryURL = "https://github.com/SnapKit/SnapKit";
			requirement = {
				kind = exactVersion;
				version = 5.6.0;
			};
		};
/* End XCRemoteSwiftPackageReference section */

/* Begin XCSwiftPackageProductDependency section */
		0C9EBE0A28A8CB980043797C /* ReSwiftThunk */ = {
			isa = XCSwiftPackageProductDependency;
			package = 0C9EBE0928A8CB980043797C /* XCRemoteSwiftPackageReference "ReSwift-Thunk" */;
			productName = ReSwiftThunk;
		};
		0CA0A4D628A5BBB700668895 /* ReSwift */ = {
			isa = XCSwiftPackageProductDependency;
			package = 0CA0A4D528A5BBB700668895 /* XCRemoteSwiftPackageReference "ReSwift" */;
			productName = ReSwift;
		};
		0CA0A4EA28A5BCBE00668895 /* SnapKit */ = {
			isa = XCSwiftPackageProductDependency;
			package = 0CA0A4E928A5BCBE00668895 /* XCRemoteSwiftPackageReference "SnapKit" */;
			productName = SnapKit;
		};
/* End XCSwiftPackageProductDependency section */

/* Begin XCVersionGroup section */
		0C9EBD9D28A745960043797C /* TodoList.xcdatamodeld */ = {
			isa = XCVersionGroup;
			children = (
				0C9EBD9E28A745960043797C /* StorageModel.xcdatamodel */,
			);
			currentVersion = 0C9EBD9E28A745960043797C /* StorageModel.xcdatamodel */;
			path = TodoList.xcdatamodeld;
			sourceTree = "<group>";
			versionGroupType = wrapper.xcdatamodel;
		};
/* End XCVersionGroup section */
	};
	rootObject = 0C69848028A1D8A200805B83 /* Project object */;
}
